
Microsoft Visual Studio Solution File, Format Version 12.00
# Visual Studio 2013
VisualStudioVersion = 12.0.30501.0
MinimumVisualStudioVersion = 10.0.40219.1
Project("{2150E333-8FDC-42A3-9474-1A3956D46DE8}") = "Shell Projects", "Shell Projects", "{8DF4D640-601E-4CA5-8D35-E7DF9F46CA46}"
EndProject
Project("{FAE04EC0-301F-11D3-BF4B-00C04F79EFBC}") = "feedsea", "feedsea\feedsea.csproj", "{3DDD00C7-07C8-43EF-BC68-3CA8DC671AFB}"
	ProjectSection(ProjectDependencies) = postProject
		{6FB39D06-8720-4539-B34B-246E4CE71DCA} = {6FB39D06-8720-4539-B34B-246E4CE71DCA}
		{BAFF8C0C-D9E9-4D0A-A35E-CC860E20D83F} = {BAFF8C0C-D9E9-4D0A-A35E-CC860E20D83F}
		{01E46B11-D7B3-4AAC-A15D-32AA1F036E26} = {01E46B11-D7B3-4AAC-A15D-32AA1F036E26}
		{DEFF692A-BE2E-407C-93BA-FE52672D0CBB} = {DEFF692A-BE2E-407C-93BA-FE52672D0CBB}
		{1DAFA433-DBFF-48CB-842A-E3141088632E} = {1DAFA433-DBFF-48CB-842A-E3141088632E}
		{65375E34-2737-49E3-915F-CDF8F9DB4559} = {65375E34-2737-49E3-915F-CDF8F9DB4559}
		{99EF8F37-6EB7-4AA7-A15C-10EA7E6886C2} = {99EF8F37-6EB7-4AA7-A15C-10EA7E6886C2}
		{E3CD823E-49B8-4688-A73F-209056CB8EC5} = {E3CD823E-49B8-4688-A73F-209056CB8EC5}
		{88DFEE4A-D3BB-4120-8C38-B28384A2ACEF} = {88DFEE4A-D3BB-4120-8C38-B28384A2ACEF}
		{C7B0B74C-423E-48DB-95E3-76F512FB1589} = {C7B0B74C-423E-48DB-95E3-76F512FB1589}
		{2E2D428C-CFA6-43DD-BCA8-506AFBEB676B} = {2E2D428C-CFA6-43DD-BCA8-506AFBEB676B}
		{DCE229AB-BEE2-4E68-A8BD-DECE4BD28E01} = {DCE229AB-BEE2-4E68-A8BD-DECE4BD28E01}
		{B8D929B6-75C1-453A-98CE-4D56D9374480} = {B8D929B6-75C1-453A-98CE-4D56D9374480}
		{613719DA-AC7B-4CE9-AC81-ADAC5BD2F11B} = {613719DA-AC7B-4CE9-AC81-ADAC5BD2F11B}
		{C277E4DD-08E2-47F3-83CA-B9FF1C895429} = {C277E4DD-08E2-47F3-83CA-B9FF1C895429}
		{6AF0E6E6-94D6-40E8-8B7C-A28AB2C60AEF} = {6AF0E6E6-94D6-40E8-8B7C-A28AB2C60AEF}
		{7E515BEC-DEA1-4F0F-871C-AC7ED18805BC} = {7E515BEC-DEA1-4F0F-871C-AC7ED18805BC}
		{98DEFCF4-29D7-4658-B019-AD036F411F13} = {98DEFCF4-29D7-4658-B019-AD036F411F13}
		{D368DAF5-7388-4998-9736-142281C08AB9} = {D368DAF5-7388-4998-9736-142281C08AB9}
	EndProjectSection
EndProject
Project("{FAE04EC0-301F-11D3-BF4B-00C04F79EFBC}") = "feedsea.Common", "feedsea.Common\feedsea.Common.csproj", "{7E515BEC-DEA1-4F0F-871C-AC7ED18805BC}"
EndProject
Project("{FAE04EC0-301F-11D3-BF4B-00C04F79EFBC}") = "feedsea.BackgroundAgent", "feedsea.BackgroundAgent\feedsea.BackgroundAgent.csproj", "{2E2D428C-CFA6-43DD-BCA8-506AFBEB676B}"
	ProjectSection(ProjectDependencies) = postProject
		{C7B0B74C-423E-48DB-95E3-76F512FB1589} = {C7B0B74C-423E-48DB-95E3-76F512FB1589}
	EndProjectSection
EndProject
Project("{FAE04EC0-301F-11D3-BF4B-00C04F79EFBC}") = "feedsea.Common.MVVM", "feedsea.Common.MVVM\feedsea.Common.MVVM.csproj", "{E3CD823E-49B8-4688-A73F-209056CB8EC5}"
EndProject
Project("{2150E333-8FDC-42A3-9474-1A3956D46DE8}") = "Api Libraries", "Api Libraries", "{992FDA84-6605-4F5D-90BE-222E043C368C}"
EndProject
Project("{FAE04EC0-301F-11D3-BF4B-00C04F79EFBC}") = "feedsea.AudioPlaybackAgent", "feedsea.AudioPlaybackAgent\feedsea.AudioPlaybackAgent.csproj", "{98DEFCF4-29D7-4658-B019-AD036F411F13}"
EndProject
Project("{FAE04EC0-301F-11D3-BF4B-00C04F79EFBC}") = "feedsea.BackgroundAgent.Common", "feedsea.BackgroundAgent.Common\feedsea.BackgroundAgent.Common.csproj", "{C7B0B74C-423E-48DB-95E3-76F512FB1589}"
	ProjectSection(ProjectDependencies) = postProject
		{65375E34-2737-49E3-915F-CDF8F9DB4559} = {65375E34-2737-49E3-915F-CDF8F9DB4559}
		{88DFEE4A-D3BB-4120-8C38-B28384A2ACEF} = {88DFEE4A-D3BB-4120-8C38-B28384A2ACEF}
	EndProjectSection
EndProject
Project("{FAE04EC0-301F-11D3-BF4B-00C04F79EFBC}") = "feedsea.Common.Api.OneNote", "feedsea.Common.Api.OneNote\feedsea.Common.Api.OneNote.csproj", "{D368DAF5-7388-4998-9736-142281C08AB9}"
	ProjectSection(ProjectDependencies) = postProject
		{65375E34-2737-49E3-915F-CDF8F9DB4559} = {65375E34-2737-49E3-915F-CDF8F9DB4559}
	EndProjectSection
EndProject
Project("{FAE04EC0-301F-11D3-BF4B-00C04F79EFBC}") = "feedsea.Common.Api.Pocket", "feedsea.Common.Api.Pocket\feedsea.Common.Api.Pocket.csproj", "{DCE229AB-BEE2-4E68-A8BD-DECE4BD28E01}"
	ProjectSection(ProjectDependencies) = postProject
		{6FB39D06-8720-4539-B34B-246E4CE71DCA} = {6FB39D06-8720-4539-B34B-246E4CE71DCA}
		{65375E34-2737-49E3-915F-CDF8F9DB4559} = {65375E34-2737-49E3-915F-CDF8F9DB4559}
	EndProjectSection
EndProject
Project("{FAE04EC0-301F-11D3-BF4B-00C04F79EFBC}") = "feedsea.Common.MVVM.Tombstone", "feedsea.Common.MVVM.Tombstone\feedsea.Common.MVVM.Tombstone.csproj", "{BAFF8C0C-D9E9-4D0A-A35E-CC860E20D83F}"
EndProject
Project("{FAE04EC0-301F-11D3-BF4B-00C04F79EFBC}") = "feedsea.Common.Api.Buffer", "feedsea.Common.Api.Buffer\feedsea.Common.Api.Buffer.csproj", "{613719DA-AC7B-4CE9-AC81-ADAC5BD2F11B}"
	ProjectSection(ProjectDependencies) = postProject
		{65375E34-2737-49E3-915F-CDF8F9DB4559} = {65375E34-2737-49E3-915F-CDF8F9DB4559}
	EndProjectSection
EndProject
Project("{FAE04EC0-301F-11D3-BF4B-00C04F79EFBC}") = "feedsea.Common.Providers.Feedly", "feedsea.Common.Providers.Feedly\feedsea.Common.Providers.Feedly.csproj", "{6AF0E6E6-94D6-40E8-8B7C-A28AB2C60AEF}"
	ProjectSection(ProjectDependencies) = postProject
		{65375E34-2737-49E3-915F-CDF8F9DB4559} = {65375E34-2737-49E3-915F-CDF8F9DB4559}
		{88DFEE4A-D3BB-4120-8C38-B28384A2ACEF} = {88DFEE4A-D3BB-4120-8C38-B28384A2ACEF}
		{C277E4DD-08E2-47F3-83CA-B9FF1C895429} = {C277E4DD-08E2-47F3-83CA-B9FF1C895429}
	EndProjectSection
EndProject
Project("{FAE04EC0-301F-11D3-BF4B-00C04F79EFBC}") = "feedsea.Common.Providers.OneNote", "feedsea.Common.Providers.OneNote\feedsea.Common.Providers.OneNote.csproj", "{99EF8F37-6EB7-4AA7-A15C-10EA7E6886C2}"
	ProjectSection(ProjectDependencies) = postProject
		{65375E34-2737-49E3-915F-CDF8F9DB4559} = {65375E34-2737-49E3-915F-CDF8F9DB4559}
		{C277E4DD-08E2-47F3-83CA-B9FF1C895429} = {C277E4DD-08E2-47F3-83CA-B9FF1C895429}
	EndProjectSection
EndProject
Project("{FAE04EC0-301F-11D3-BF4B-00C04F79EFBC}") = "feedsea.Common.Providers.Pocket", "feedsea.Common.Providers.Pocket\feedsea.Common.Providers.Pocket.csproj", "{DEFF692A-BE2E-407C-93BA-FE52672D0CBB}"
	ProjectSection(ProjectDependencies) = postProject
		{65375E34-2737-49E3-915F-CDF8F9DB4559} = {65375E34-2737-49E3-915F-CDF8F9DB4559}
		{C277E4DD-08E2-47F3-83CA-B9FF1C895429} = {C277E4DD-08E2-47F3-83CA-B9FF1C895429}
	EndProjectSection
EndProject
Project("{FAE04EC0-301F-11D3-BF4B-00C04F79EFBC}") = "feedsea.Common.Providers.Evernote", "feedsea.Common.Providers.Evernote\feedsea.Common.Providers.Evernote.csproj", "{01E46B11-D7B3-4AAC-A15D-32AA1F036E26}"
EndProject
Project("{2150E333-8FDC-42A3-9474-1A3956D46DE8}") = "Providers", "Providers", "{A9D22D09-8D7B-4CB9-8B0B-BD47332A4269}"
EndProject
Project("{FAE04EC0-301F-11D3-BF4B-00C04F79EFBC}") = "feedsea.Common.Providers", "feedsea.Common.Providers\feedsea.Common.Providers.csproj", "{C277E4DD-08E2-47F3-83CA-B9FF1C895429}"
EndProject
Project("{FAE04EC0-301F-11D3-BF4B-00C04F79EFBC}") = "feedsea.Common.Api", "feedsea.Common.Api\feedsea.Common.Api.csproj", "{65375E34-2737-49E3-915F-CDF8F9DB4559}"
EndProject
Project("{FAE04EC0-301F-11D3-BF4B-00C04F79EFBC}") = "feedsea.Common.Api.Feedly", "feedsea.Common.Api.Feedly\feedsea.Common.Api.Feedly.csproj", "{88DFEE4A-D3BB-4120-8C38-B28384A2ACEF}"
EndProject
Project("{FAE04EC0-301F-11D3-BF4B-00C04F79EFBC}") = "HttpClientHelpers", "..\..\RestBasic\trunk\HttpClientHelpers\HttpClientHelpers.csproj", "{6FB39D06-8720-4539-B34B-246E4CE71DCA}"
EndProject
Project("{FAE04EC0-301F-11D3-BF4B-00C04F79EFBC}") = "feedsea.Common.Providers.Instapaper", "feedsea.Common.Providers.Instapaper\feedsea.Common.Providers.Instapaper.csproj", "{B8D929B6-75C1-453A-98CE-4D56D9374480}"
	ProjectSection(ProjectDependencies) = postProject
		{6FB39D06-8720-4539-B34B-246E4CE71DCA} = {6FB39D06-8720-4539-B34B-246E4CE71DCA}
		{1DAFA433-DBFF-48CB-842A-E3141088632E} = {1DAFA433-DBFF-48CB-842A-E3141088632E}
		{65375E34-2737-49E3-915F-CDF8F9DB4559} = {65375E34-2737-49E3-915F-CDF8F9DB4559}
	EndProjectSection
EndProject
Project("{FAE04EC0-301F-11D3-BF4B-00C04F79EFBC}") = "feedsea.Common.Api.Instapaper", "feedsea.Common.Api.Instapaper\feedsea.Common.Api.Instapaper.csproj", "{1DAFA433-DBFF-48CB-842A-E3141088632E}"
	ProjectSection(ProjectDependencies) = postProject
		{65375E34-2737-49E3-915F-CDF8F9DB4559} = {65375E34-2737-49E3-915F-CDF8F9DB4559}
	EndProjectSection
EndProject
Project("{FAE04EC0-301F-11D3-BF4B-00C04F79EFBC}") = "feedsea.Common.Providers.MobilizerProvider", "feedsea.Common.Providers.MobilizerProvider\feedsea.Common.Providers.MobilizerProvider.csproj", "{A7293283-4C33-4E40-9CC7-DC54080CB119}"
EndProject
Global
	GlobalSection(SubversionScc) = preSolution
		Svn-Managed = True
		Manager = AnkhSVN - Subversion Support for Visual Studio
	EndGlobalSection
	GlobalSection(SolutionConfigurationPlatforms) = preSolution
		Debug|Any CPU = Debug|Any CPU
		Debug|ARM = Debug|ARM
		Debug|x86 = Debug|x86
		Release|Any CPU = Release|Any CPU
		Release|ARM = Release|ARM
		Release|x86 = Release|x86
		ReleaseAzure|Any CPU = ReleaseAzure|Any CPU
		ReleaseAzure|ARM = ReleaseAzure|ARM
		ReleaseAzure|x86 = ReleaseAzure|x86
	EndGlobalSection
	GlobalSection(ProjectConfigurationPlatforms) = postSolution
		{3DDD00C7-07C8-43EF-BC68-3CA8DC671AFB}.Debug|Any CPU.ActiveCfg = Debug|Any CPU
		{3DDD00C7-07C8-43EF-BC68-3CA8DC671AFB}.Debug|Any CPU.Build.0 = Debug|Any CPU
		{3DDD00C7-07C8-43EF-BC68-3CA8DC671AFB}.Debug|Any CPU.Deploy.0 = Debug|Any CPU
		{3DDD00C7-07C8-43EF-BC68-3CA8DC671AFB}.Debug|ARM.ActiveCfg = Debug|ARM
		{3DDD00C7-07C8-43EF-BC68-3CA8DC671AFB}.Debug|ARM.Build.0 = Debug|ARM
		{3DDD00C7-07C8-43EF-BC68-3CA8DC671AFB}.Debug|ARM.Deploy.0 = Debug|ARM
		{3DDD00C7-07C8-43EF-BC68-3CA8DC671AFB}.Debug|x86.ActiveCfg = Debug|x86
		{3DDD00C7-07C8-43EF-BC68-3CA8DC671AFB}.Debug|x86.Build.0 = Debug|x86
		{3DDD00C7-07C8-43EF-BC68-3CA8DC671AFB}.Debug|x86.Deploy.0 = Debug|x86
		{3DDD00C7-07C8-43EF-BC68-3CA8DC671AFB}.Release|Any CPU.ActiveCfg = Release|Any CPU
		{3DDD00C7-07C8-43EF-BC68-3CA8DC671AFB}.Release|Any CPU.Build.0 = Release|Any CPU
		{3DDD00C7-07C8-43EF-BC68-3CA8DC671AFB}.Release|Any CPU.Deploy.0 = Release|Any CPU
		{3DDD00C7-07C8-43EF-BC68-3CA8DC671AFB}.Release|ARM.ActiveCfg = Release|ARM
		{3DDD00C7-07C8-43EF-BC68-3CA8DC671AFB}.Release|ARM.Build.0 = Release|ARM
		{3DDD00C7-07C8-43EF-BC68-3CA8DC671AFB}.Release|ARM.Deploy.0 = Release|ARM
		{3DDD00C7-07C8-43EF-BC68-3CA8DC671AFB}.Release|x86.ActiveCfg = Release|x86
		{3DDD00C7-07C8-43EF-BC68-3CA8DC671AFB}.Release|x86.Build.0 = Release|x86
		{3DDD00C7-07C8-43EF-BC68-3CA8DC671AFB}.Release|x86.Deploy.0 = Release|x86
		{3DDD00C7-07C8-43EF-BC68-3CA8DC671AFB}.ReleaseAzure|Any CPU.ActiveCfg = Release|Any CPU
		{3DDD00C7-07C8-43EF-BC68-3CA8DC671AFB}.ReleaseAzure|Any CPU.Build.0 = Release|Any CPU
		{3DDD00C7-07C8-43EF-BC68-3CA8DC671AFB}.ReleaseAzure|Any CPU.Deploy.0 = Release|Any CPU
		{3DDD00C7-07C8-43EF-BC68-3CA8DC671AFB}.ReleaseAzure|ARM.ActiveCfg = Release|ARM
		{3DDD00C7-07C8-43EF-BC68-3CA8DC671AFB}.ReleaseAzure|ARM.Build.0 = Release|ARM
		{3DDD00C7-07C8-43EF-BC68-3CA8DC671AFB}.ReleaseAzure|ARM.Deploy.0 = Release|ARM
		{3DDD00C7-07C8-43EF-BC68-3CA8DC671AFB}.ReleaseAzure|x86.ActiveCfg = Release|x86
		{3DDD00C7-07C8-43EF-BC68-3CA8DC671AFB}.ReleaseAzure|x86.Build.0 = Release|x86
		{3DDD00C7-07C8-43EF-BC68-3CA8DC671AFB}.ReleaseAzure|x86.Deploy.0 = Release|x86
		{7E515BEC-DEA1-4F0F-871C-AC7ED18805BC}.Debug|Any CPU.ActiveCfg = Debug|Any CPU
		{7E515BEC-DEA1-4F0F-871C-AC7ED18805BC}.Debug|Any CPU.Build.0 = Debug|Any CPU
		{7E515BEC-DEA1-4F0F-871C-AC7ED18805BC}.Debug|ARM.ActiveCfg = Debug|ARM
		{7E515BEC-DEA1-4F0F-871C-AC7ED18805BC}.Debug|ARM.Build.0 = Debug|ARM
		{7E515BEC-DEA1-4F0F-871C-AC7ED18805BC}.Debug|x86.ActiveCfg = Debug|x86
		{7E515BEC-DEA1-4F0F-871C-AC7ED18805BC}.Debug|x86.Build.0 = Debug|x86
		{7E515BEC-DEA1-4F0F-871C-AC7ED18805BC}.Release|Any CPU.ActiveCfg = Release|Any CPU
		{7E515BEC-DEA1-4F0F-871C-AC7ED18805BC}.Release|Any CPU.Build.0 = Release|Any CPU
		{7E515BEC-DEA1-4F0F-871C-AC7ED18805BC}.Release|ARM.ActiveCfg = Release|ARM
		{7E515BEC-DEA1-4F0F-871C-AC7ED18805BC}.Release|ARM.Build.0 = Release|ARM
		{7E515BEC-DEA1-4F0F-871C-AC7ED18805BC}.Release|x86.ActiveCfg = Release|x86
		{7E515BEC-DEA1-4F0F-871C-AC7ED18805BC}.Release|x86.Build.0 = Release|x86
		{7E515BEC-DEA1-4F0F-871C-AC7ED18805BC}.ReleaseAzure|Any CPU.ActiveCfg = Release|Any CPU
		{7E515BEC-DEA1-4F0F-871C-AC7ED18805BC}.ReleaseAzure|Any CPU.Build.0 = Release|Any CPU
		{7E515BEC-DEA1-4F0F-871C-AC7ED18805BC}.ReleaseAzure|ARM.ActiveCfg = Release|ARM
		{7E515BEC-DEA1-4F0F-871C-AC7ED18805BC}.ReleaseAzure|ARM.Build.0 = Release|ARM
		{7E515BEC-DEA1-4F0F-871C-AC7ED18805BC}.ReleaseAzure|x86.ActiveCfg = Release|x86
		{7E515BEC-DEA1-4F0F-871C-AC7ED18805BC}.ReleaseAzure|x86.Build.0 = Release|x86
		{2E2D428C-CFA6-43DD-BCA8-506AFBEB676B}.Debug|Any CPU.ActiveCfg = Debug|Any CPU
		{2E2D428C-CFA6-43DD-BCA8-506AFBEB676B}.Debug|Any CPU.Build.0 = Debug|Any CPU
		{2E2D428C-CFA6-43DD-BCA8-506AFBEB676B}.Debug|ARM.ActiveCfg = Debug|ARM
		{2E2D428C-CFA6-43DD-BCA8-506AFBEB676B}.Debug|ARM.Build.0 = Debug|ARM
		{2E2D428C-CFA6-43DD-BCA8-506AFBEB676B}.Debug|x86.ActiveCfg = Debug|x86
		{2E2D428C-CFA6-43DD-BCA8-506AFBEB676B}.Debug|x86.Build.0 = Debug|x86
		{2E2D428C-CFA6-43DD-BCA8-506AFBEB676B}.Release|Any CPU.ActiveCfg = Release|Any CPU
		{2E2D428C-CFA6-43DD-BCA8-506AFBEB676B}.Release|Any CPU.Build.0 = Release|Any CPU
		{2E2D428C-CFA6-43DD-BCA8-506AFBEB676B}.Release|ARM.ActiveCfg = Release|ARM
		{2E2D428C-CFA6-43DD-BCA8-506AFBEB676B}.Release|ARM.Build.0 = Release|ARM
		{2E2D428C-CFA6-43DD-BCA8-506AFBEB676B}.Release|x86.ActiveCfg = Release|x86
		{2E2D428C-CFA6-43DD-BCA8-506AFBEB676B}.Release|x86.Build.0 = Release|x86
		{2E2D428C-CFA6-43DD-BCA8-506AFBEB676B}.ReleaseAzure|Any CPU.ActiveCfg = Release|Any CPU
		{2E2D428C-CFA6-43DD-BCA8-506AFBEB676B}.ReleaseAzure|Any CPU.Build.0 = Release|Any CPU
		{2E2D428C-CFA6-43DD-BCA8-506AFBEB676B}.ReleaseAzure|ARM.ActiveCfg = Release|ARM
		{2E2D428C-CFA6-43DD-BCA8-506AFBEB676B}.ReleaseAzure|ARM.Build.0 = Release|ARM
		{2E2D428C-CFA6-43DD-BCA8-506AFBEB676B}.ReleaseAzure|x86.ActiveCfg = Release|x86
		{2E2D428C-CFA6-43DD-BCA8-506AFBEB676B}.ReleaseAzure|x86.Build.0 = Release|x86
		{E3CD823E-49B8-4688-A73F-209056CB8EC5}.Debug|Any CPU.ActiveCfg = Debug|Any CPU
		{E3CD823E-49B8-4688-A73F-209056CB8EC5}.Debug|Any CPU.Build.0 = Debug|Any CPU
		{E3CD823E-49B8-4688-A73F-209056CB8EC5}.Debug|ARM.ActiveCfg = Debug|ARM
		{E3CD823E-49B8-4688-A73F-209056CB8EC5}.Debug|ARM.Build.0 = Debug|ARM
		{E3CD823E-49B8-4688-A73F-209056CB8EC5}.Debug|x86.ActiveCfg = Debug|x86
		{E3CD823E-49B8-4688-A73F-209056CB8EC5}.Debug|x86.Build.0 = Debug|x86
		{E3CD823E-49B8-4688-A73F-209056CB8EC5}.Release|Any CPU.ActiveCfg = Release|Any CPU
		{E3CD823E-49B8-4688-A73F-209056CB8EC5}.Release|Any CPU.Build.0 = Release|Any CPU
		{E3CD823E-49B8-4688-A73F-209056CB8EC5}.Release|ARM.ActiveCfg = Release|ARM
		{E3CD823E-49B8-4688-A73F-209056CB8EC5}.Release|ARM.Build.0 = Release|ARM
		{E3CD823E-49B8-4688-A73F-209056CB8EC5}.Release|x86.ActiveCfg = Release|x86
		{E3CD823E-49B8-4688-A73F-209056CB8EC5}.Release|x86.Build.0 = Release|x86
		{E3CD823E-49B8-4688-A73F-209056CB8EC5}.ReleaseAzure|Any CPU.ActiveCfg = Release|Any CPU
		{E3CD823E-49B8-4688-A73F-209056CB8EC5}.ReleaseAzure|Any CPU.Build.0 = Release|Any CPU
		{E3CD823E-49B8-4688-A73F-209056CB8EC5}.ReleaseAzure|ARM.ActiveCfg = Release|ARM
		{E3CD823E-49B8-4688-A73F-209056CB8EC5}.ReleaseAzure|ARM.Build.0 = Release|ARM
		{E3CD823E-49B8-4688-A73F-209056CB8EC5}.ReleaseAzure|x86.ActiveCfg = Release|x86
		{E3CD823E-49B8-4688-A73F-209056CB8EC5}.ReleaseAzure|x86.Build.0 = Release|x86
		{98DEFCF4-29D7-4658-B019-AD036F411F13}.Debug|Any CPU.ActiveCfg = Debug|Any CPU
		{98DEFCF4-29D7-4658-B019-AD036F411F13}.Debug|Any CPU.Build.0 = Debug|Any CPU
		{98DEFCF4-29D7-4658-B019-AD036F411F13}.Debug|ARM.ActiveCfg = Debug|ARM
		{98DEFCF4-29D7-4658-B019-AD036F411F13}.Debug|ARM.Build.0 = Debug|ARM
		{98DEFCF4-29D7-4658-B019-AD036F411F13}.Debug|x86.ActiveCfg = Debug|x86
		{98DEFCF4-29D7-4658-B019-AD036F411F13}.Debug|x86.Build.0 = Debug|x86
		{98DEFCF4-29D7-4658-B019-AD036F411F13}.Release|Any CPU.ActiveCfg = Release|Any CPU
		{98DEFCF4-29D7-4658-B019-AD036F411F13}.Release|Any CPU.Build.0 = Release|Any CPU
		{98DEFCF4-29D7-4658-B019-AD036F411F13}.Release|ARM.ActiveCfg = Release|ARM
		{98DEFCF4-29D7-4658-B019-AD036F411F13}.Release|ARM.Build.0 = Release|ARM
		{98DEFCF4-29D7-4658-B019-AD036F411F13}.Release|x86.ActiveCfg = Release|x86
		{98DEFCF4-29D7-4658-B019-AD036F411F13}.Release|x86.Build.0 = Release|x86
		{98DEFCF4-29D7-4658-B019-AD036F411F13}.ReleaseAzure|Any CPU.ActiveCfg = Release|Any CPU
		{98DEFCF4-29D7-4658-B019-AD036F411F13}.ReleaseAzure|Any CPU.Build.0 = Release|Any CPU
		{98DEFCF4-29D7-4658-B019-AD036F411F13}.ReleaseAzure|ARM.ActiveCfg = Release|ARM
		{98DEFCF4-29D7-4658-B019-AD036F411F13}.ReleaseAzure|ARM.Build.0 = Release|ARM
		{98DEFCF4-29D7-4658-B019-AD036F411F13}.ReleaseAzure|x86.ActiveCfg = Release|x86
		{98DEFCF4-29D7-4658-B019-AD036F411F13}.ReleaseAzure|x86.Build.0 = Release|x86
		{C7B0B74C-423E-48DB-95E3-76F512FB1589}.Debug|Any CPU.ActiveCfg = Debug|Any CPU
		{C7B0B74C-423E-48DB-95E3-76F512FB1589}.Debug|Any CPU.Build.0 = Debug|Any CPU
		{C7B0B74C-423E-48DB-95E3-76F512FB1589}.Debug|ARM.ActiveCfg = Debug|ARM
		{C7B0B74C-423E-48DB-95E3-76F512FB1589}.Debug|ARM.Build.0 = Debug|ARM
		{C7B0B74C-423E-48DB-95E3-76F512FB1589}.Debug|x86.ActiveCfg = Debug|x86
		{C7B0B74C-423E-48DB-95E3-76F512FB1589}.Debug|x86.Build.0 = Debug|x86
		{C7B0B74C-423E-48DB-95E3-76F512FB1589}.Release|Any CPU.ActiveCfg = Release|Any CPU
		{C7B0B74C-423E-48DB-95E3-76F512FB1589}.Release|Any CPU.Build.0 = Release|Any CPU
		{C7B0B74C-423E-48DB-95E3-76F512FB1589}.Release|ARM.ActiveCfg = Release|ARM
		{C7B0B74C-423E-48DB-95E3-76F512FB1589}.Release|ARM.Build.0 = Release|ARM
		{C7B0B74C-423E-48DB-95E3-76F512FB1589}.Release|x86.ActiveCfg = Release|x86
		{C7B0B74C-423E-48DB-95E3-76F512FB1589}.Release|x86.Build.0 = Release|x86
		{C7B0B74C-423E-48DB-95E3-76F512FB1589}.ReleaseAzure|Any CPU.ActiveCfg = Release|Any CPU
		{C7B0B74C-423E-48DB-95E3-76F512FB1589}.ReleaseAzure|Any CPU.Build.0 = Release|Any CPU
		{C7B0B74C-423E-48DB-95E3-76F512FB1589}.ReleaseAzure|ARM.ActiveCfg = Release|ARM
		{C7B0B74C-423E-48DB-95E3-76F512FB1589}.ReleaseAzure|ARM.Build.0 = Release|ARM
		{C7B0B74C-423E-48DB-95E3-76F512FB1589}.ReleaseAzure|x86.ActiveCfg = Release|x86
		{C7B0B74C-423E-48DB-95E3-76F512FB1589}.ReleaseAzure|x86.Build.0 = Release|x86
		{D368DAF5-7388-4998-9736-142281C08AB9}.Debug|Any CPU.ActiveCfg = Debug|Any CPU
		{D368DAF5-7388-4998-9736-142281C08AB9}.Debug|Any CPU.Build.0 = Debug|Any CPU
		{D368DAF5-7388-4998-9736-142281C08AB9}.Debug|ARM.ActiveCfg = Debug|Any CPU
		{D368DAF5-7388-4998-9736-142281C08AB9}.Debug|x86.ActiveCfg = Debug|Any CPU
		{D368DAF5-7388-4998-9736-142281C08AB9}.Release|Any CPU.ActiveCfg = Release|Any CPU
		{D368DAF5-7388-4998-9736-142281C08AB9}.Release|Any CPU.Build.0 = Release|Any CPU
		{D368DAF5-7388-4998-9736-142281C08AB9}.Release|ARM.ActiveCfg = Release|Any CPU
		{D368DAF5-7388-4998-9736-142281C08AB9}.Release|x86.ActiveCfg = Release|Any CPU
		{D368DAF5-7388-4998-9736-142281C08AB9}.ReleaseAzure|Any CPU.ActiveCfg = Release|Any CPU
		{D368DAF5-7388-4998-9736-142281C08AB9}.ReleaseAzure|Any CPU.Build.0 = Release|Any CPU
		{D368DAF5-7388-4998-9736-142281C08AB9}.ReleaseAzure|ARM.ActiveCfg = Release|Any CPU
		{D368DAF5-7388-4998-9736-142281C08AB9}.ReleaseAzure|x86.ActiveCfg = Release|Any CPU
		{DCE229AB-BEE2-4E68-A8BD-DECE4BD28E01}.Debug|Any CPU.ActiveCfg = Debug|Any CPU
		{DCE229AB-BEE2-4E68-A8BD-DECE4BD28E01}.Debug|Any CPU.Build.0 = Debug|Any CPU
		{DCE229AB-BEE2-4E68-A8BD-DECE4BD28E01}.Debug|ARM.ActiveCfg = Debug|Any CPU
		{DCE229AB-BEE2-4E68-A8BD-DECE4BD28E01}.Debug|x86.ActiveCfg = Debug|Any CPU
		{DCE229AB-BEE2-4E68-A8BD-DECE4BD28E01}.Release|Any CPU.ActiveCfg = Release|Any CPU
		{DCE229AB-BEE2-4E68-A8BD-DECE4BD28E01}.Release|Any CPU.Build.0 = Release|Any CPU
		{DCE229AB-BEE2-4E68-A8BD-DECE4BD28E01}.Release|ARM.ActiveCfg = Release|Any CPU
		{DCE229AB-BEE2-4E68-A8BD-DECE4BD28E01}.Release|x86.ActiveCfg = Release|Any CPU
		{DCE229AB-BEE2-4E68-A8BD-DECE4BD28E01}.ReleaseAzure|Any CPU.ActiveCfg = Release|Any CPU
		{DCE229AB-BEE2-4E68-A8BD-DECE4BD28E01}.ReleaseAzure|Any CPU.Build.0 = Release|Any CPU
		{DCE229AB-BEE2-4E68-A8BD-DECE4BD28E01}.ReleaseAzure|ARM.ActiveCfg = Release|Any CPU
		{DCE229AB-BEE2-4E68-A8BD-DECE4BD28E01}.ReleaseAzure|x86.ActiveCfg = Release|Any CPU
		{BAFF8C0C-D9E9-4D0A-A35E-CC860E20D83F}.Debug|Any CPU.ActiveCfg = Debug|Any CPU
		{BAFF8C0C-D9E9-4D0A-A35E-CC860E20D83F}.Debug|Any CPU.Build.0 = Debug|Any CPU
		{BAFF8C0C-D9E9-4D0A-A35E-CC860E20D83F}.Debug|ARM.ActiveCfg = Debug|ARM
		{BAFF8C0C-D9E9-4D0A-A35E-CC860E20D83F}.Debug|ARM.Build.0 = Debug|ARM
		{BAFF8C0C-D9E9-4D0A-A35E-CC860E20D83F}.Debug|x86.ActiveCfg = Debug|x86
		{BAFF8C0C-D9E9-4D0A-A35E-CC860E20D83F}.Debug|x86.Build.0 = Debug|x86
		{BAFF8C0C-D9E9-4D0A-A35E-CC860E20D83F}.Release|Any CPU.ActiveCfg = Release|Any CPU
		{BAFF8C0C-D9E9-4D0A-A35E-CC860E20D83F}.Release|Any CPU.Build.0 = Release|Any CPU
		{BAFF8C0C-D9E9-4D0A-A35E-CC860E20D83F}.Release|ARM.ActiveCfg = Release|ARM
		{BAFF8C0C-D9E9-4D0A-A35E-CC860E20D83F}.Release|ARM.Build.0 = Release|ARM
		{BAFF8C0C-D9E9-4D0A-A35E-CC860E20D83F}.Release|x86.ActiveCfg = Release|x86
		{BAFF8C0C-D9E9-4D0A-A35E-CC860E20D83F}.Release|x86.Build.0 = Release|x86
		{BAFF8C0C-D9E9-4D0A-A35E-CC860E20D83F}.ReleaseAzure|Any CPU.ActiveCfg = Release|Any CPU
		{BAFF8C0C-D9E9-4D0A-A35E-CC860E20D83F}.ReleaseAzure|Any CPU.Build.0 = Release|Any CPU
		{BAFF8C0C-D9E9-4D0A-A35E-CC860E20D83F}.ReleaseAzure|ARM.ActiveCfg = Release|ARM
		{BAFF8C0C-D9E9-4D0A-A35E-CC860E20D83F}.ReleaseAzure|ARM.Build.0 = Release|ARM
		{BAFF8C0C-D9E9-4D0A-A35E-CC860E20D83F}.ReleaseAzure|x86.ActiveCfg = Release|x86
		{BAFF8C0C-D9E9-4D0A-A35E-CC860E20D83F}.ReleaseAzure|x86.Build.0 = Release|x86
		{613719DA-AC7B-4CE9-AC81-ADAC5BD2F11B}.Debug|Any CPU.ActiveCfg = Debug|Any CPU
		{613719DA-AC7B-4CE9-AC81-ADAC5BD2F11B}.Debug|Any CPU.Build.0 = Debug|Any CPU
		{613719DA-AC7B-4CE9-AC81-ADAC5BD2F11B}.Debug|ARM.ActiveCfg = Debug|Any CPU
		{613719DA-AC7B-4CE9-AC81-ADAC5BD2F11B}.Debug|x86.ActiveCfg = Debug|Any CPU
		{613719DA-AC7B-4CE9-AC81-ADAC5BD2F11B}.Release|Any CPU.ActiveCfg = Release|Any CPU
		{613719DA-AC7B-4CE9-AC81-ADAC5BD2F11B}.Release|Any CPU.Build.0 = Release|Any CPU
		{613719DA-AC7B-4CE9-AC81-ADAC5BD2F11B}.Release|ARM.ActiveCfg = Release|Any CPU
		{613719DA-AC7B-4CE9-AC81-ADAC5BD2F11B}.Release|x86.ActiveCfg = Release|Any CPU
		{613719DA-AC7B-4CE9-AC81-ADAC5BD2F11B}.ReleaseAzure|Any CPU.ActiveCfg = Release|Any CPU
		{613719DA-AC7B-4CE9-AC81-ADAC5BD2F11B}.ReleaseAzure|Any CPU.Build.0 = Release|Any CPU
		{613719DA-AC7B-4CE9-AC81-ADAC5BD2F11B}.ReleaseAzure|ARM.ActiveCfg = Release|Any CPU
		{613719DA-AC7B-4CE9-AC81-ADAC5BD2F11B}.ReleaseAzure|x86.ActiveCfg = Release|Any CPU
		{6AF0E6E6-94D6-40E8-8B7C-A28AB2C60AEF}.Debug|Any CPU.ActiveCfg = Debug|Any CPU
		{6AF0E6E6-94D6-40E8-8B7C-A28AB2C60AEF}.Debug|Any CPU.Build.0 = Debug|Any CPU
		{6AF0E6E6-94D6-40E8-8B7C-A28AB2C60AEF}.Debug|ARM.ActiveCfg = Debug|Any CPU
		{6AF0E6E6-94D6-40E8-8B7C-A28AB2C60AEF}.Debug|x86.ActiveCfg = Debug|Any CPU
		{6AF0E6E6-94D6-40E8-8B7C-A28AB2C60AEF}.Release|Any CPU.ActiveCfg = Release|Any CPU
		{6AF0E6E6-94D6-40E8-8B7C-A28AB2C60AEF}.Release|Any CPU.Build.0 = Release|Any CPU
		{6AF0E6E6-94D6-40E8-8B7C-A28AB2C60AEF}.Release|ARM.ActiveCfg = Release|Any CPU
		{6AF0E6E6-94D6-40E8-8B7C-A28AB2C60AEF}.Release|x86.ActiveCfg = Release|Any CPU
		{6AF0E6E6-94D6-40E8-8B7C-A28AB2C60AEF}.ReleaseAzure|Any CPU.ActiveCfg = Release|Any CPU
		{6AF0E6E6-94D6-40E8-8B7C-A28AB2C60AEF}.ReleaseAzure|Any CPU.Build.0 = Release|Any CPU
		{6AF0E6E6-94D6-40E8-8B7C-A28AB2C60AEF}.ReleaseAzure|ARM.ActiveCfg = Release|Any CPU
		{6AF0E6E6-94D6-40E8-8B7C-A28AB2C60AEF}.ReleaseAzure|x86.ActiveCfg = Release|Any CPU
		{99EF8F37-6EB7-4AA7-A15C-10EA7E6886C2}.Debug|Any CPU.ActiveCfg = Debug|Any CPU
		{99EF8F37-6EB7-4AA7-A15C-10EA7E6886C2}.Debug|Any CPU.Build.0 = Debug|Any CPU
		{99EF8F37-6EB7-4AA7-A15C-10EA7E6886C2}.Debug|ARM.ActiveCfg = Debug|Any CPU
		{99EF8F37-6EB7-4AA7-A15C-10EA7E6886C2}.Debug|x86.ActiveCfg = Debug|Any CPU
		{99EF8F37-6EB7-4AA7-A15C-10EA7E6886C2}.Release|Any CPU.ActiveCfg = Release|Any CPU
		{99EF8F37-6EB7-4AA7-A15C-10EA7E6886C2}.Release|Any CPU.Build.0 = Release|Any CPU
		{99EF8F37-6EB7-4AA7-A15C-10EA7E6886C2}.Release|ARM.ActiveCfg = Release|Any CPU
		{99EF8F37-6EB7-4AA7-A15C-10EA7E6886C2}.Release|x86.ActiveCfg = Release|Any CPU
		{99EF8F37-6EB7-4AA7-A15C-10EA7E6886C2}.ReleaseAzure|Any CPU.ActiveCfg = Release|Any CPU
		{99EF8F37-6EB7-4AA7-A15C-10EA7E6886C2}.ReleaseAzure|Any CPU.Build.0 = Release|Any CPU
		{99EF8F37-6EB7-4AA7-A15C-10EA7E6886C2}.ReleaseAzure|ARM.ActiveCfg = Release|Any CPU
		{99EF8F37-6EB7-4AA7-A15C-10EA7E6886C2}.ReleaseAzure|x86.ActiveCfg = Release|Any CPU
		{DEFF692A-BE2E-407C-93BA-FE52672D0CBB}.Debug|Any CPU.ActiveCfg = Debug|Any CPU
		{DEFF692A-BE2E-407C-93BA-FE52672D0CBB}.Debug|Any CPU.Build.0 = Debug|Any CPU
		{DEFF692A-BE2E-407C-93BA-FE52672D0CBB}.Debug|ARM.ActiveCfg = Debug|Any CPU
		{DEFF692A-BE2E-407C-93BA-FE52672D0CBB}.Debug|x86.ActiveCfg = Debug|Any CPU
		{DEFF692A-BE2E-407C-93BA-FE52672D0CBB}.Release|Any CPU.ActiveCfg = Release|Any CPU
		{DEFF692A-BE2E-407C-93BA-FE52672D0CBB}.Release|Any CPU.Build.0 = Release|Any CPU
		{DEFF692A-BE2E-407C-93BA-FE52672D0CBB}.Release|ARM.ActiveCfg = Release|Any CPU
		{DEFF692A-BE2E-407C-93BA-FE52672D0CBB}.Release|x86.ActiveCfg = Release|Any CPU
		{DEFF692A-BE2E-407C-93BA-FE52672D0CBB}.ReleaseAzure|Any CPU.ActiveCfg = Release|Any CPU
		{DEFF692A-BE2E-407C-93BA-FE52672D0CBB}.ReleaseAzure|Any CPU.Build.0 = Release|Any CPU
		{DEFF692A-BE2E-407C-93BA-FE52672D0CBB}.ReleaseAzure|ARM.ActiveCfg = Release|Any CPU
		{DEFF692A-BE2E-407C-93BA-FE52672D0CBB}.ReleaseAzure|x86.ActiveCfg = Release|Any CPU
		{01E46B11-D7B3-4AAC-A15D-32AA1F036E26}.Debug|Any CPU.ActiveCfg = Debug|Any CPU
		{01E46B11-D7B3-4AAC-A15D-32AA1F036E26}.Debug|Any CPU.Build.0 = Debug|Any CPU
		{01E46B11-D7B3-4AAC-A15D-32AA1F036E26}.Debug|ARM.ActiveCfg = Debug|Any CPU
		{01E46B11-D7B3-4AAC-A15D-32AA1F036E26}.Debug|x86.ActiveCfg = Debug|Any CPU
		{01E46B11-D7B3-4AAC-A15D-32AA1F036E26}.Release|Any CPU.ActiveCfg = Release|Any CPU
		{01E46B11-D7B3-4AAC-A15D-32AA1F036E26}.Release|Any CPU.Build.0 = Release|Any CPU
		{01E46B11-D7B3-4AAC-A15D-32AA1F036E26}.Release|ARM.ActiveCfg = Release|Any CPU
		{01E46B11-D7B3-4AAC-A15D-32AA1F036E26}.Release|x86.ActiveCfg = Release|Any CPU
		{01E46B11-D7B3-4AAC-A15D-32AA1F036E26}.ReleaseAzure|Any CPU.ActiveCfg = Release|Any CPU
		{01E46B11-D7B3-4AAC-A15D-32AA1F036E26}.ReleaseAzure|Any CPU.Build.0 = Release|Any CPU
		{01E46B11-D7B3-4AAC-A15D-32AA1F036E26}.ReleaseAzure|ARM.ActiveCfg = Release|Any CPU
		{01E46B11-D7B3-4AAC-A15D-32AA1F036E26}.ReleaseAzure|x86.ActiveCfg = Release|Any CPU
		{C277E4DD-08E2-47F3-83CA-B9FF1C895429}.Debug|Any CPU.ActiveCfg = Debug|Any CPU
		{C277E4DD-08E2-47F3-83CA-B9FF1C895429}.Debug|Any CPU.Build.0 = Debug|Any CPU
		{C277E4DD-08E2-47F3-83CA-B9FF1C895429}.Debug|ARM.ActiveCfg = Debug|Any CPU
		{C277E4DD-08E2-47F3-83CA-B9FF1C895429}.Debug|x86.ActiveCfg = Debug|Any CPU
		{C277E4DD-08E2-47F3-83CA-B9FF1C895429}.Release|Any CPU.ActiveCfg = Release|Any CPU
		{C277E4DD-08E2-47F3-83CA-B9FF1C895429}.Release|Any CPU.Build.0 = Release|Any CPU
		{C277E4DD-08E2-47F3-83CA-B9FF1C895429}.Release|ARM.ActiveCfg = Release|Any CPU
		{C277E4DD-08E2-47F3-83CA-B9FF1C895429}.Release|x86.ActiveCfg = Release|Any CPU
		{C277E4DD-08E2-47F3-83CA-B9FF1C895429}.ReleaseAzure|Any CPU.ActiveCfg = Release|Any CPU
		{C277E4DD-08E2-47F3-83CA-B9FF1C895429}.ReleaseAzure|Any CPU.Build.0 = Release|Any CPU
		{C277E4DD-08E2-47F3-83CA-B9FF1C895429}.ReleaseAzure|ARM.ActiveCfg = Release|Any CPU
		{C277E4DD-08E2-47F3-83CA-B9FF1C895429}.ReleaseAzure|x86.ActiveCfg = Release|Any CPU
		{65375E34-2737-49E3-915F-CDF8F9DB4559}.Debug|Any CPU.ActiveCfg = Debug|Any CPU
		{65375E34-2737-49E3-915F-CDF8F9DB4559}.Debug|Any CPU.Build.0 = Debug|Any CPU
		{65375E34-2737-49E3-915F-CDF8F9DB4559}.Debug|ARM.ActiveCfg = Debug|Any CPU
		{65375E34-2737-49E3-915F-CDF8F9DB4559}.Debug|x86.ActiveCfg = Debug|Any CPU
		{65375E34-2737-49E3-915F-CDF8F9DB4559}.Release|Any CPU.ActiveCfg = Release|Any CPU
		{65375E34-2737-49E3-915F-CDF8F9DB4559}.Release|Any CPU.Build.0 = Release|Any CPU
		{65375E34-2737-49E3-915F-CDF8F9DB4559}.Release|ARM.ActiveCfg = Release|Any CPU
		{65375E34-2737-49E3-915F-CDF8F9DB4559}.Release|x86.ActiveCfg = Release|Any CPU
		{65375E34-2737-49E3-915F-CDF8F9DB4559}.ReleaseAzure|Any CPU.ActiveCfg = Release|Any CPU
		{65375E34-2737-49E3-915F-CDF8F9DB4559}.ReleaseAzure|Any CPU.Build.0 = Release|Any CPU
		{65375E34-2737-49E3-915F-CDF8F9DB4559}.ReleaseAzure|ARM.ActiveCfg = Release|Any CPU
		{65375E34-2737-49E3-915F-CDF8F9DB4559}.ReleaseAzure|x86.ActiveCfg = Release|Any CPU
		{88DFEE4A-D3BB-4120-8C38-B28384A2ACEF}.Debug|Any CPU.ActiveCfg = Debug|Any CPU
		{88DFEE4A-D3BB-4120-8C38-B28384A2ACEF}.Debug|Any CPU.Build.0 = Debug|Any CPU
		{88DFEE4A-D3BB-4120-8C38-B28384A2ACEF}.Debug|ARM.ActiveCfg = Debug|Any CPU
		{88DFEE4A-D3BB-4120-8C38-B28384A2ACEF}.Debug|x86.ActiveCfg = Debug|Any CPU
		{88DFEE4A-D3BB-4120-8C38-B28384A2ACEF}.Release|Any CPU.ActiveCfg = Release|Any CPU
		{88DFEE4A-D3BB-4120-8C38-B28384A2ACEF}.Release|Any CPU.Build.0 = Release|Any CPU
		{88DFEE4A-D3BB-4120-8C38-B28384A2ACEF}.Release|ARM.ActiveCfg = Release|Any CPU
		{88DFEE4A-D3BB-4120-8C38-B28384A2ACEF}.Release|x86.ActiveCfg = Release|Any CPU
		{88DFEE4A-D3BB-4120-8C38-B28384A2ACEF}.ReleaseAzure|Any CPU.ActiveCfg = Release|Any CPU
		{88DFEE4A-D3BB-4120-8C38-B28384A2ACEF}.ReleaseAzure|Any CPU.Build.0 = Release|Any CPU
		{88DFEE4A-D3BB-4120-8C38-B28384A2ACEF}.ReleaseAzure|ARM.ActiveCfg = Release|Any CPU
		{88DFEE4A-D3BB-4120-8C38-B28384A2ACEF}.ReleaseAzure|x86.ActiveCfg = Release|Any CPU
		{6FB39D06-8720-4539-B34B-246E4CE71DCA}.Debug|Any CPU.ActiveCfg = Debug|Any CPU
		{6FB39D06-8720-4539-B34B-246E4CE71DCA}.Debug|Any CPU.Build.0 = Debug|Any CPU
		{6FB39D06-8720-4539-B34B-246E4CE71DCA}.Debug|ARM.ActiveCfg = Debug|Any CPU
		{6FB39D06-8720-4539-B34B-246E4CE71DCA}.Debug|x86.ActiveCfg = Debug|Any CPU
		{6FB39D06-8720-4539-B34B-246E4CE71DCA}.Release|Any CPU.ActiveCfg = Release|Any CPU
		{6FB39D06-8720-4539-B34B-246E4CE71DCA}.Release|Any CPU.Build.0 = Release|Any CPU
		{6FB39D06-8720-4539-B34B-246E4CE71DCA}.Release|ARM.ActiveCfg = Release|Any CPU
		{6FB39D06-8720-4539-B34B-246E4CE71DCA}.Release|x86.ActiveCfg = Release|Any CPU
		{6FB39D06-8720-4539-B34B-246E4CE71DCA}.ReleaseAzure|Any CPU.ActiveCfg = Release|Any CPU
		{6FB39D06-8720-4539-B34B-246E4CE71DCA}.ReleaseAzure|Any CPU.Build.0 = Release|Any CPU
		{6FB39D06-8720-4539-B34B-246E4CE71DCA}.ReleaseAzure|ARM.ActiveCfg = Release|Any CPU
		{6FB39D06-8720-4539-B34B-246E4CE71DCA}.ReleaseAzure|x86.ActiveCfg = Release|Any CPU
		{B8D929B6-75C1-453A-98CE-4D56D9374480}.Debug|Any CPU.ActiveCfg = Debug|Any CPU
		{B8D929B6-75C1-453A-98CE-4D56D9374480}.Debug|Any CPU.Build.0 = Debug|Any CPU
		{B8D929B6-75C1-453A-98CE-4D56D9374480}.Debug|ARM.ActiveCfg = Debug|Any CPU
		{B8D929B6-75C1-453A-98CE-4D56D9374480}.Debug|x86.ActiveCfg = Debug|Any CPU
		{B8D929B6-75C1-453A-98CE-4D56D9374480}.Release|Any CPU.ActiveCfg = Release|Any CPU
		{B8D929B6-75C1-453A-98CE-4D56D9374480}.Release|Any CPU.Build.0 = Release|Any CPU
		{B8D929B6-75C1-453A-98CE-4D56D9374480}.Release|ARM.ActiveCfg = Release|Any CPU
		{B8D929B6-75C1-453A-98CE-4D56D9374480}.Release|x86.ActiveCfg = Release|Any CPU
		{B8D929B6-75C1-453A-98CE-4D56D9374480}.ReleaseAzure|Any CPU.ActiveCfg = Release|Any CPU
		{B8D929B6-75C1-453A-98CE-4D56D9374480}.ReleaseAzure|Any CPU.Build.0 = Release|Any CPU
		{B8D929B6-75C1-453A-98CE-4D56D9374480}.ReleaseAzure|ARM.ActiveCfg = Release|Any CPU
		{B8D929B6-75C1-453A-98CE-4D56D9374480}.ReleaseAzure|x86.ActiveCfg = Release|Any CPU
		{1DAFA433-DBFF-48CB-842A-E3141088632E}.Debug|Any CPU.ActiveCfg = Debug|Any CPU
		{1DAFA433-DBFF-48CB-842A-E3141088632E}.Debug|Any CPU.Build.0 = Debug|Any CPU
		{1DAFA433-DBFF-48CB-842A-E3141088632E}.Debug|ARM.ActiveCfg = Debug|Any CPU
		{1DAFA433-DBFF-48CB-842A-E3141088632E}.Debug|x86.ActiveCfg = Debug|Any CPU
		{1DAFA433-DBFF-48CB-842A-E3141088632E}.Release|Any CPU.ActiveCfg = Release|Any CPU
		{1DAFA433-DBFF-48CB-842A-E3141088632E}.Release|Any CPU.Build.0 = Release|Any CPU
		{1DAFA433-DBFF-48CB-842A-E3141088632E}.Release|ARM.ActiveCfg = Release|Any CPU
		{1DAFA433-DBFF-48CB-842A-E3141088632E}.Release|x86.ActiveCfg = Release|Any CPU
		{1DAFA433-DBFF-48CB-842A-E3141088632E}.ReleaseAzure|Any CPU.ActiveCfg = Release|Any CPU
		{1DAFA433-DBFF-48CB-842A-E3141088632E}.ReleaseAzure|Any CPU.Build.0 = Release|Any CPU
		{1DAFA433-DBFF-48CB-842A-E3141088632E}.ReleaseAzure|ARM.ActiveCfg = Release|Any CPU
		{1DAFA433-DBFF-48CB-842A-E3141088632E}.ReleaseAzure|x86.ActiveCfg = Release|Any CPU
		{A7293283-4C33-4E40-9CC7-DC54080CB119}.Debug|Any CPU.ActiveCfg = Debug|Any CPU
		{A7293283-4C33-4E40-9CC7-DC54080CB119}.Debug|Any CPU.Build.0 = Debug|Any CPU
		{A7293283-4C33-4E40-9CC7-DC54080CB119}.Debug|ARM.ActiveCfg = Debug|Any CPU
		{A7293283-4C33-4E40-9CC7-DC54080CB119}.Debug|x86.ActiveCfg = Debug|Any CPU
		{A7293283-4C33-4E40-9CC7-DC54080CB119}.Release|Any CPU.ActiveCfg = Release|Any CPU
		{A7293283-4C33-4E40-9CC7-DC54080CB119}.Release|Any CPU.Build.0 = Release|Any CPU
		{A7293283-4C33-4E40-9CC7-DC54080CB119}.Release|ARM.ActiveCfg = Release|Any CPU
		{A7293283-4C33-4E40-9CC7-DC54080CB119}.Release|x86.ActiveCfg = Release|Any CPU
		{A7293283-4C33-4E40-9CC7-DC54080CB119}.ReleaseAzure|Any CPU.ActiveCfg = Release|Any CPU
		{A7293283-4C33-4E40-9CC7-DC54080CB119}.ReleaseAzure|Any CPU.Build.0 = Release|Any CPU
		{A7293283-4C33-4E40-9CC7-DC54080CB119}.ReleaseAzure|ARM.ActiveCfg = Release|Any CPU
		{A7293283-4C33-4E40-9CC7-DC54080CB119}.ReleaseAzure|x86.ActiveCfg = Release|Any CPU
	EndGlobalSection
	GlobalSection(SolutionProperties) = preSolution
		HideSolutionNode = FALSE
	EndGlobalSection
	GlobalSection(NestedProjects) = preSolution
		{2E2D428C-CFA6-43DD-BCA8-506AFBEB676B} = {8DF4D640-601E-4CA5-8D35-E7DF9F46CA46}
		{98DEFCF4-29D7-4658-B019-AD036F411F13} = {8DF4D640-601E-4CA5-8D35-E7DF9F46CA46}
		{C7B0B74C-423E-48DB-95E3-76F512FB1589} = {8DF4D640-601E-4CA5-8D35-E7DF9F46CA46}
		{D368DAF5-7388-4998-9736-142281C08AB9} = {992FDA84-6605-4F5D-90BE-222E043C368C}
		{DCE229AB-BEE2-4E68-A8BD-DECE4BD28E01} = {992FDA84-6605-4F5D-90BE-222E043C368C}
		{613719DA-AC7B-4CE9-AC81-ADAC5BD2F11B} = {992FDA84-6605-4F5D-90BE-222E043C368C}
		{6AF0E6E6-94D6-40E8-8B7C-A28AB2C60AEF} = {A9D22D09-8D7B-4CB9-8B0B-BD47332A4269}
		{99EF8F37-6EB7-4AA7-A15C-10EA7E6886C2} = {A9D22D09-8D7B-4CB9-8B0B-BD47332A4269}
		{DEFF692A-BE2E-407C-93BA-FE52672D0CBB} = {A9D22D09-8D7B-4CB9-8B0B-BD47332A4269}
		{01E46B11-D7B3-4AAC-A15D-32AA1F036E26} = {A9D22D09-8D7B-4CB9-8B0B-BD47332A4269}
		{C277E4DD-08E2-47F3-83CA-B9FF1C895429} = {A9D22D09-8D7B-4CB9-8B0B-BD47332A4269}
		{65375E34-2737-49E3-915F-CDF8F9DB4559} = {992FDA84-6605-4F5D-90BE-222E043C368C}
		{88DFEE4A-D3BB-4120-8C38-B28384A2ACEF} = {992FDA84-6605-4F5D-90BE-222E043C368C}
		{6FB39D06-8720-4539-B34B-246E4CE71DCA} = {992FDA84-6605-4F5D-90BE-222E043C368C}
		{B8D929B6-75C1-453A-98CE-4D56D9374480} = {A9D22D09-8D7B-4CB9-8B0B-BD47332A4269}
		{1DAFA433-DBFF-48CB-842A-E3141088632E} = {992FDA84-6605-4F5D-90BE-222E043C368C}
		{A7293283-4C33-4E40-9CC7-DC54080CB119} = {A9D22D09-8D7B-4CB9-8B0B-BD47332A4269}
	EndGlobalSection
EndGlobal
