Microsoft Visual Studio Solution File, Format Version 12.00
# Visual Studio 14
VisualStudioVersion = 14.0.23107.0
MinimumVisualStudioVersion = 10.0.40219.1
Project("{FAE04EC0-301F-11D3-BF4B-00C04F79EFBC}") = "feedsea", "feedsea\feedsea.csproj", "{3DDD00C7-07C8-43EF-BC68-3CA8DC671AFB}"
EndProject
Project("{FAE04EC0-301F-11D3-BF4B-00C04F79EFBC}") = "feedsea.AudioPlaybackAgent", "feedsea.AudioPlaybackAgent\feedsea.AudioPlaybackAgent.csproj", "{98DEFCF4-29D7-4658-B019-AD036F411F13}"
EndProject
Project("{FAE04EC0-301F-11D3-BF4B-00C04F79EFBC}") = "feedsea.BackgroundAgent.Common", "feedsea.BackgroundAgent.Common\feedsea.BackgroundAgent.Common.csproj", "{C7B0B74C-423E-48DB-95E3-76F512FB1589}"
EndProject
Project("{FAE04EC0-301F-11D3-BF4B-00C04F79EFBC}") = "feedsea.BackgroundAgent", "feedsea.BackgroundAgent\feedsea.BackgroundAgent.csproj", "{2E2D428C-CFA6-43DD-BCA8-506AFBEB676B}"
EndProject
Project("{FAE04EC0-301F-11D3-BF4B-00C04F79EFBC}") = "feedsea.Common.MVVM.Tombstone", "feedsea.Common.MVVM.Tombstone\feedsea.Common.MVVM.Tombstone.csproj", "{BAFF8C0C-D9E9-4D0A-A35E-CC860E20D83F}"
EndProject
Project("{FAE04EC0-301F-11D3-BF4B-00C04F79EFBC}") = "feedsea.Common.MVVM", "feedsea.Common.MVVM\feedsea.Common.MVVM.csproj", "{E3CD823E-49B8-4688-A73F-209056CB8EC5}"
EndProject
Project("{FAE04EC0-301F-11D3-BF4B-00C04F79EFBC}") = "feedsea.Common", "feedsea.Common\feedsea.Common.csproj", "{7E515BEC-DEA1-4F0F-871C-AC7ED18805BC}"
EndProject
Project("{FAE04EC0-301F-11D3-BF4B-00C04F79EFBC}") = "feedsea.Common.Api.Feedly", "feedsea.Common.Api.Feedly\feedsea.Common.Api.Feedly.csproj", "{88DFEE4A-D3BB-4120-8C38-B28384A2ACEF}"
EndProject
Project("{FAE04EC0-301F-11D3-BF4B-00C04F79EFBC}") = "feedsea.Common.Api", "feedsea.Common.Api\feedsea.Common.Api.csproj", "{65375E34-2737-49E3-915F-CDF8F9DB4559}"
EndProject
Project("{FAE04EC0-301F-11D3-BF4B-00C04F79EFBC}") = "feedsea.Common.Providers.Feedly", "feedsea.Common.Providers.Feedly\feedsea.Common.Providers.Feedly.csproj", "{6AF0E6E6-94D6-40E8-8B7C-A28AB2C60AEF}"
EndProject
Project("{FAE04EC0-301F-11D3-BF4B-00C04F79EFBC}") = "feedsea.Common.Providers", "feedsea.Common.Providers\feedsea.Common.Providers.csproj", "{C277E4DD-08E2-47F3-83CA-B9FF1C895429}"
EndProject
Project("{FAE04EC0-301F-11D3-BF4B-00C04F79EFBC}") = "feedsea.Common.Providers.Instapaper", "feedsea.Common.Providers.Instapaper\feedsea.Common.Providers.Instapaper.csproj", "{B8D929B6-75C1-453A-98CE-4D56D9374480}"
EndProject
Project("{FAE04EC0-301F-11D3-BF4B-00C04F79EFBC}") = "feedsea.Common.Api.Instapaper", "feedsea.Common.Api.Instapaper\feedsea.Common.Api.Instapaper.csproj", "{1DAFA433-DBFF-48CB-842A-E3141088632E}"
EndProject
Project("{FAE04EC0-301F-11D3-BF4B-00C04F79EFBC}") = "HttpClientHelpers", "HttpClientHelpers\HttpClientHelpers.csproj", "{9B156279-9D20-4EFE-8938-636E492D8491}"
EndProject
Project("{FAE04EC0-301F-11D3-BF4B-00C04F79EFBC}") = "feedsea.Common.Providers.MobilizerProvider", "feedsea.Common.Providers.MobilizerProvider\feedsea.Common.Providers.MobilizerProvider.csproj", "{A7293283-4C33-4E40-9CC7-DC54080CB119}"
EndProject
Project("{FAE04EC0-301F-11D3-BF4B-00C04F79EFBC}") = "feedsea.Common.Providers.OneNote", "feedsea.Common.Providers.OneNote\feedsea.Common.Providers.OneNote.csproj", "{99EF8F37-6EB7-4AA7-A15C-10EA7E6886C2}"
EndProject
Project("{FAE04EC0-301F-11D3-BF4B-00C04F79EFBC}") = "feedsea.Common.Api.OneNote", "feedsea.Common.Api.OneNote\feedsea.Common.Api.OneNote.csproj", "{D368DAF5-7388-4998-9736-142281C08AB9}"
EndProject
Project("{FAE04EC0-301F-11D3-BF4B-00C04F79EFBC}") = "feedsea.Common.Providers.Pocket", "feedsea.Common.Providers.Pocket\feedsea.Common.Providers.Pocket.csproj", "{DEFF692A-BE2E-407C-93BA-FE52672D0CBB}"
EndProject
Project("{FAE04EC0-301F-11D3-BF4B-00C04F79EFBC}") = "feedsea.Common.Api.Pocket", "feedsea.Common.Api.Pocket\feedsea.Common.Api.Pocket.csproj", "{DCE229AB-BEE2-4E68-A8BD-DECE4BD28E01}"
EndProject
Global
	GlobalSection(SolutionConfigurationPlatforms) = preSolution
		Debug|ARM = Debug|ARM
		Debug|x64 = Debug|x64
		Debug|x86 = Debug|x86
		Release|ARM = Release|ARM
		Release|x64 = Release|x64
		Release|x86 = Release|x86
	EndGlobalSection
	GlobalSection(ProjectConfigurationPlatforms) = postSolution
		{3DDD00C7-07C8-43EF-BC68-3CA8DC671AFB}.Debug|ARM.ActiveCfg = Debug|ARM
		{3DDD00C7-07C8-43EF-BC68-3CA8DC671AFB}.Debug|ARM.Build.0 = Debug|ARM
		{3DDD00C7-07C8-43EF-BC68-3CA8DC671AFB}.Debug|ARM.Deploy.0 = Debug|ARM
		{3DDD00C7-07C8-43EF-BC68-3CA8DC671AFB}.Debug|x64.ActiveCfg = Debug|x64
		{3DDD00C7-07C8-43EF-BC68-3CA8DC671AFB}.Debug|x64.Build.0 = Debug|x64
		{3DDD00C7-07C8-43EF-BC68-3CA8DC671AFB}.Debug|x64.Deploy.0 = Debug|x64
		{3DDD00C7-07C8-43EF-BC68-3CA8DC671AFB}.Debug|x86.ActiveCfg = Debug|x86
		{3DDD00C7-07C8-43EF-BC68-3CA8DC671AFB}.Debug|x86.Build.0 = Debug|x86
		{3DDD00C7-07C8-43EF-BC68-3CA8DC671AFB}.Debug|x86.Deploy.0 = Debug|x86
		{3DDD00C7-07C8-43EF-BC68-3CA8DC671AFB}.Release|ARM.ActiveCfg = Release|ARM
		{3DDD00C7-07C8-43EF-BC68-3CA8DC671AFB}.Release|ARM.Build.0 = Release|ARM
		{3DDD00C7-07C8-43EF-BC68-3CA8DC671AFB}.Release|ARM.Deploy.0 = Release|ARM
		{3DDD00C7-07C8-43EF-BC68-3CA8DC671AFB}.Release|x64.ActiveCfg = Release|x64
		{3DDD00C7-07C8-43EF-BC68-3CA8DC671AFB}.Release|x64.Build.0 = Release|x64
		{3DDD00C7-07C8-43EF-BC68-3CA8DC671AFB}.Release|x64.Deploy.0 = Release|x64
		{3DDD00C7-07C8-43EF-BC68-3CA8DC671AFB}.Release|x86.ActiveCfg = Release|x86
		{3DDD00C7-07C8-43EF-BC68-3CA8DC671AFB}.Release|x86.Build.0 = Release|x86
		{3DDD00C7-07C8-43EF-BC68-3CA8DC671AFB}.Release|x86.Deploy.0 = Release|x86
		{98DEFCF4-29D7-4658-B019-AD036F411F13}.Debug|ARM.ActiveCfg = Debug|ARM
		{98DEFCF4-29D7-4658-B019-AD036F411F13}.Debug|ARM.Build.0 = Debug|ARM
		{98DEFCF4-29D7-4658-B019-AD036F411F13}.Debug|x64.ActiveCfg = Debug|x64
		{98DEFCF4-29D7-4658-B019-AD036F411F13}.Debug|x64.Build.0 = Debug|x64
		{98DEFCF4-29D7-4658-B019-AD036F411F13}.Debug|x86.ActiveCfg = Debug|x86
		{98DEFCF4-29D7-4658-B019-AD036F411F13}.Debug|x86.Build.0 = Debug|x86
		{98DEFCF4-29D7-4658-B019-AD036F411F13}.Release|ARM.ActiveCfg = Release|ARM
		{98DEFCF4-29D7-4658-B019-AD036F411F13}.Release|ARM.Build.0 = Release|ARM
		{98DEFCF4-29D7-4658-B019-AD036F411F13}.Release|x64.ActiveCfg = Release|x64
		{98DEFCF4-29D7-4658-B019-AD036F411F13}.Release|x64.Build.0 = Release|x64
		{98DEFCF4-29D7-4658-B019-AD036F411F13}.Release|x86.ActiveCfg = Release|x86
		{98DEFCF4-29D7-4658-B019-AD036F411F13}.Release|x86.Build.0 = Release|x86
		{C7B0B74C-423E-48DB-95E3-76F512FB1589}.Debug|ARM.ActiveCfg = Debug|ARM
		{C7B0B74C-423E-48DB-95E3-76F512FB1589}.Debug|ARM.Build.0 = Debug|ARM
		{C7B0B74C-423E-48DB-95E3-76F512FB1589}.Debug|x64.ActiveCfg = Debug|x64
		{C7B0B74C-423E-48DB-95E3-76F512FB1589}.Debug|x64.Build.0 = Debug|x64
		{C7B0B74C-423E-48DB-95E3-76F512FB1589}.Debug|x86.ActiveCfg = Debug|x86
		{C7B0B74C-423E-48DB-95E3-76F512FB1589}.Debug|x86.Build.0 = Debug|x86
		{C7B0B74C-423E-48DB-95E3-76F512FB1589}.Release|ARM.ActiveCfg = Release|ARM
		{C7B0B74C-423E-48DB-95E3-76F512FB1589}.Release|ARM.Build.0 = Release|ARM
		{C7B0B74C-423E-48DB-95E3-76F512FB1589}.Release|x64.ActiveCfg = Release|x64
		{C7B0B74C-423E-48DB-95E3-76F512FB1589}.Release|x64.Build.0 = Release|x64
		{C7B0B74C-423E-48DB-95E3-76F512FB1589}.Release|x86.ActiveCfg = Release|x86
		{C7B0B74C-423E-48DB-95E3-76F512FB1589}.Release|x86.Build.0 = Release|x86
		{2E2D428C-CFA6-43DD-BCA8-506AFBEB676B}.Debug|ARM.ActiveCfg = Debug|ARM
		{2E2D428C-CFA6-43DD-BCA8-506AFBEB676B}.Debug|ARM.Build.0 = Debug|ARM
		{2E2D428C-CFA6-43DD-BCA8-506AFBEB676B}.Debug|x64.ActiveCfg = Debug|x64
		{2E2D428C-CFA6-43DD-BCA8-506AFBEB676B}.Debug|x64.Build.0 = Debug|x64
		{2E2D428C-CFA6-43DD-BCA8-506AFBEB676B}.Debug|x86.ActiveCfg = Debug|x86
		{2E2D428C-CFA6-43DD-BCA8-506AFBEB676B}.Debug|x86.Build.0 = Debug|x86
		{2E2D428C-CFA6-43DD-BCA8-506AFBEB676B}.Release|ARM.ActiveCfg = Release|ARM
		{2E2D428C-CFA6-43DD-BCA8-506AFBEB676B}.Release|ARM.Build.0 = Release|ARM
		{2E2D428C-CFA6-43DD-BCA8-506AFBEB676B}.Release|x64.ActiveCfg = Release|x64
		{2E2D428C-CFA6-43DD-BCA8-506AFBEB676B}.Release|x64.Build.0 = Release|x64
		{2E2D428C-CFA6-43DD-BCA8-506AFBEB676B}.Release|x86.ActiveCfg = Release|x86
		{2E2D428C-CFA6-43DD-BCA8-506AFBEB676B}.Release|x86.Build.0 = Release|x86
		{BAFF8C0C-D9E9-4D0A-A35E-CC860E20D83F}.Debug|ARM.ActiveCfg = Debug|ARM
		{BAFF8C0C-D9E9-4D0A-A35E-CC860E20D83F}.Debug|ARM.Build.0 = Debug|ARM
		{BAFF8C0C-D9E9-4D0A-A35E-CC860E20D83F}.Debug|x64.ActiveCfg = Debug|x64
		{BAFF8C0C-D9E9-4D0A-A35E-CC860E20D83F}.Debug|x64.Build.0 = Debug|x64
		{BAFF8C0C-D9E9-4D0A-A35E-CC860E20D83F}.Debug|x86.ActiveCfg = Debug|x86
		{BAFF8C0C-D9E9-4D0A-A35E-CC860E20D83F}.Debug|x86.Build.0 = Debug|x86
		{BAFF8C0C-D9E9-4D0A-A35E-CC860E20D83F}.Release|ARM.ActiveCfg = Release|ARM
		{BAFF8C0C-D9E9-4D0A-A35E-CC860E20D83F}.Release|ARM.Build.0 = Release|ARM
		{BAFF8C0C-D9E9-4D0A-A35E-CC860E20D83F}.Release|x64.ActiveCfg = Release|x64
		{BAFF8C0C-D9E9-4D0A-A35E-CC860E20D83F}.Release|x64.Build.0 = Release|x64
		{BAFF8C0C-D9E9-4D0A-A35E-CC860E20D83F}.Release|x86.ActiveCfg = Release|x86
		{BAFF8C0C-D9E9-4D0A-A35E-CC860E20D83F}.Release|x86.Build.0 = Release|x86
		{E3CD823E-49B8-4688-A73F-209056CB8EC5}.Debug|ARM.ActiveCfg = Debug|ARM
		{E3CD823E-49B8-4688-A73F-209056CB8EC5}.Debug|ARM.Build.0 = Debug|ARM
		{E3CD823E-49B8-4688-A73F-209056CB8EC5}.Debug|x64.ActiveCfg = Debug|x64
		{E3CD823E-49B8-4688-A73F-209056CB8EC5}.Debug|x64.Build.0 = Debug|x64
		{E3CD823E-49B8-4688-A73F-209056CB8EC5}.Debug|x86.ActiveCfg = Debug|x86
		{E3CD823E-49B8-4688-A73F-209056CB8EC5}.Debug|x86.Build.0 = Debug|x86
		{E3CD823E-49B8-4688-A73F-209056CB8EC5}.Release|ARM.ActiveCfg = Release|ARM
		{E3CD823E-49B8-4688-A73F-209056CB8EC5}.Release|ARM.Build.0 = Release|ARM
		{E3CD823E-49B8-4688-A73F-209056CB8EC5}.Release|x64.ActiveCfg = Release|x64
		{E3CD823E-49B8-4688-A73F-209056CB8EC5}.Release|x64.Build.0 = Release|x64
		{E3CD823E-49B8-4688-A73F-209056CB8EC5}.Release|x86.ActiveCfg = Release|x86
		{E3CD823E-49B8-4688-A73F-209056CB8EC5}.Release|x86.Build.0 = Release|x86
		{7E515BEC-DEA1-4F0F-871C-AC7ED18805BC}.Debug|ARM.ActiveCfg = Debug|ARM
		{7E515BEC-DEA1-4F0F-871C-AC7ED18805BC}.Debug|ARM.Build.0 = Debug|ARM
		{7E515BEC-DEA1-4F0F-871C-AC7ED18805BC}.Debug|x64.ActiveCfg = Debug|x64
		{7E515BEC-DEA1-4F0F-871C-AC7ED18805BC}.Debug|x64.Build.0 = Debug|x64
		{7E515BEC-DEA1-4F0F-871C-AC7ED18805BC}.Debug|x86.ActiveCfg = Debug|x86
		{7E515BEC-DEA1-4F0F-871C-AC7ED18805BC}.Debug|x86.Build.0 = Debug|x86
		{7E515BEC-DEA1-4F0F-871C-AC7ED18805BC}.Release|ARM.ActiveCfg = Release|ARM
		{7E515BEC-DEA1-4F0F-871C-AC7ED18805BC}.Release|ARM.Build.0 = Release|ARM
		{7E515BEC-DEA1-4F0F-871C-AC7ED18805BC}.Release|x64.ActiveCfg = Release|x64
		{7E515BEC-DEA1-4F0F-871C-AC7ED18805BC}.Release|x64.Build.0 = Release|x64
		{7E515BEC-DEA1-4F0F-871C-AC7ED18805BC}.Release|x86.ActiveCfg = Release|x86
		{7E515BEC-DEA1-4F0F-871C-AC7ED18805BC}.Release|x86.Build.0 = Release|x86
		{88DFEE4A-D3BB-4120-8C38-B28384A2ACEF}.Debug|ARM.ActiveCfg = Debug|Any CPU
		{88DFEE4A-D3BB-4120-8C38-B28384A2ACEF}.Debug|ARM.Build.0 = Debug|Any CPU
		{88DFEE4A-D3BB-4120-8C38-B28384A2ACEF}.Debug|x64.ActiveCfg = Debug|Any CPU
		{88DFEE4A-D3BB-4120-8C38-B28384A2ACEF}.Debug|x64.Build.0 = Debug|Any CPU
		{88DFEE4A-D3BB-4120-8C38-B28384A2ACEF}.Debug|x86.ActiveCfg = Debug|Any CPU
		{88DFEE4A-D3BB-4120-8C38-B28384A2ACEF}.Debug|x86.Build.0 = Debug|Any CPU
		{88DFEE4A-D3BB-4120-8C38-B28384A2ACEF}.Release|ARM.ActiveCfg = Release|Any CPU
		{88DFEE4A-D3BB-4120-8C38-B28384A2ACEF}.Release|ARM.Build.0 = Release|Any CPU
		{88DFEE4A-D3BB-4120-8C38-B28384A2ACEF}.Release|x64.ActiveCfg = Release|Any CPU
		{88DFEE4A-D3BB-4120-8C38-B28384A2ACEF}.Release|x64.Build.0 = Release|Any CPU
		{88DFEE4A-D3BB-4120-8C38-B28384A2ACEF}.Release|x86.ActiveCfg = Release|Any CPU
		{88DFEE4A-D3BB-4120-8C38-B28384A2ACEF}.Release|x86.Build.0 = Release|Any CPU
		{65375E34-2737-49E3-915F-CDF8F9DB4559}.Debug|ARM.ActiveCfg = Debug|Any CPU
		{65375E34-2737-49E3-915F-CDF8F9DB4559}.Debug|ARM.Build.0 = Debug|Any CPU
		{65375E34-2737-49E3-915F-CDF8F9DB4559}.Debug|x64.ActiveCfg = Debug|Any CPU
		{65375E34-2737-49E3-915F-CDF8F9DB4559}.Debug|x64.Build.0 = Debug|Any CPU
		{65375E34-2737-49E3-915F-CDF8F9DB4559}.Debug|x86.ActiveCfg = Debug|Any CPU
		{65375E34-2737-49E3-915F-CDF8F9DB4559}.Debug|x86.Build.0 = Debug|Any CPU
		{65375E34-2737-49E3-915F-CDF8F9DB4559}.Release|ARM.ActiveCfg = Release|Any CPU
		{65375E34-2737-49E3-915F-CDF8F9DB4559}.Release|ARM.Build.0 = Release|Any CPU
		{65375E34-2737-49E3-915F-CDF8F9DB4559}.Release|x64.ActiveCfg = Release|Any CPU
		{65375E34-2737-49E3-915F-CDF8F9DB4559}.Release|x64.Build.0 = Release|Any CPU
		{65375E34-2737-49E3-915F-CDF8F9DB4559}.Release|x86.ActiveCfg = Release|Any CPU
		{65375E34-2737-49E3-915F-CDF8F9DB4559}.Release|x86.Build.0 = Release|Any CPU
		{6AF0E6E6-94D6-40E8-8B7C-A28AB2C60AEF}.Debug|ARM.ActiveCfg = Debug|Any CPU
		{6AF0E6E6-94D6-40E8-8B7C-A28AB2C60AEF}.Debug|ARM.Build.0 = Debug|Any CPU
		{6AF0E6E6-94D6-40E8-8B7C-A28AB2C60AEF}.Debug|x64.ActiveCfg = Debug|Any CPU
		{6AF0E6E6-94D6-40E8-8B7C-A28AB2C60AEF}.Debug|x64.Build.0 = Debug|Any CPU
		{6AF0E6E6-94D6-40E8-8B7C-A28AB2C60AEF}.Debug|x86.ActiveCfg = Debug|Any CPU
		{6AF0E6E6-94D6-40E8-8B7C-A28AB2C60AEF}.Debug|x86.Build.0 = Debug|Any CPU
		{6AF0E6E6-94D6-40E8-8B7C-A28AB2C60AEF}.Release|ARM.ActiveCfg = Release|Any CPU
		{6AF0E6E6-94D6-40E8-8B7C-A28AB2C60AEF}.Release|ARM.Build.0 = Release|Any CPU
		{6AF0E6E6-94D6-40E8-8B7C-A28AB2C60AEF}.Release|x64.ActiveCfg = Release|Any CPU
		{6AF0E6E6-94D6-40E8-8B7C-A28AB2C60AEF}.Release|x64.Build.0 = Release|Any CPU
		{6AF0E6E6-94D6-40E8-8B7C-A28AB2C60AEF}.Release|x86.ActiveCfg = Release|Any CPU
		{6AF0E6E6-94D6-40E8-8B7C-A28AB2C60AEF}.Release|x86.Build.0 = Release|Any CPU
		{C277E4DD-08E2-47F3-83CA-B9FF1C895429}.Debug|ARM.ActiveCfg = Debug|Any CPU
		{C277E4DD-08E2-47F3-83CA-B9FF1C895429}.Debug|ARM.Build.0 = Debug|Any CPU
		{C277E4DD-08E2-47F3-83CA-B9FF1C895429}.Debug|x64.ActiveCfg = Debug|Any CPU
		{C277E4DD-08E2-47F3-83CA-B9FF1C895429}.Debug|x64.Build.0 = Debug|Any CPU
		{C277E4DD-08E2-47F3-83CA-B9FF1C895429}.Debug|x86.ActiveCfg = Debug|Any CPU
		{C277E4DD-08E2-47F3-83CA-B9FF1C895429}.Debug|x86.Build.0 = Debug|Any CPU
		{C277E4DD-08E2-47F3-83CA-B9FF1C895429}.Release|ARM.ActiveCfg = Release|Any CPU
		{C277E4DD-08E2-47F3-83CA-B9FF1C895429}.Release|ARM.Build.0 = Release|Any CPU
		{C277E4DD-08E2-47F3-83CA-B9FF1C895429}.Release|x64.ActiveCfg = Release|Any CPU
		{C277E4DD-08E2-47F3-83CA-B9FF1C895429}.Release|x64.Build.0 = Release|Any CPU
		{C277E4DD-08E2-47F3-83CA-B9FF1C895429}.Release|x86.ActiveCfg = Release|Any CPU
		{C277E4DD-08E2-47F3-83CA-B9FF1C895429}.Release|x86.Build.0 = Release|Any CPU
		{B8D929B6-75C1-453A-98CE-4D56D9374480}.Debug|ARM.ActiveCfg = Debug|Any CPU
		{B8D929B6-75C1-453A-98CE-4D56D9374480}.Debug|ARM.Build.0 = Debug|Any CPU
		{B8D929B6-75C1-453A-98CE-4D56D9374480}.Debug|x64.ActiveCfg = Debug|Any CPU
		{B8D929B6-75C1-453A-98CE-4D56D9374480}.Debug|x64.Build.0 = Debug|Any CPU
		{B8D929B6-75C1-453A-98CE-4D56D9374480}.Debug|x86.ActiveCfg = Debug|Any CPU
		{B8D929B6-75C1-453A-98CE-4D56D9374480}.Debug|x86.Build.0 = Debug|Any CPU
		{B8D929B6-75C1-453A-98CE-4D56D9374480}.Release|ARM.ActiveCfg = Release|Any CPU
		{B8D929B6-75C1-453A-98CE-4D56D9374480}.Release|ARM.Build.0 = Release|Any CPU
		{B8D929B6-75C1-453A-98CE-4D56D9374480}.Release|x64.ActiveCfg = Release|Any CPU
		{B8D929B6-75C1-453A-98CE-4D56D9374480}.Release|x64.Build.0 = Release|Any CPU
		{B8D929B6-75C1-453A-98CE-4D56D9374480}.Release|x86.ActiveCfg = Release|Any CPU
		{B8D929B6-75C1-453A-98CE-4D56D9374480}.Release|x86.Build.0 = Release|Any CPU
		{1DAFA433-DBFF-48CB-842A-E3141088632E}.Debug|ARM.ActiveCfg = Debug|Any CPU
		{1DAFA433-DBFF-48CB-842A-E3141088632E}.Debug|ARM.Build.0 = Debug|Any CPU
		{1DAFA433-DBFF-48CB-842A-E3141088632E}.Debug|x64.ActiveCfg = Debug|Any CPU
		{1DAFA433-DBFF-48CB-842A-E3141088632E}.Debug|x64.Build.0 = Debug|Any CPU
		{1DAFA433-DBFF-48CB-842A-E3141088632E}.Debug|x86.ActiveCfg = Debug|Any CPU
		{1DAFA433-DBFF-48CB-842A-E3141088632E}.Debug|x86.Build.0 = Debug|Any CPU
		{1DAFA433-DBFF-48CB-842A-E3141088632E}.Release|ARM.ActiveCfg = Release|Any CPU
		{1DAFA433-DBFF-48CB-842A-E3141088632E}.Release|ARM.Build.0 = Release|Any CPU
		{1DAFA433-DBFF-48CB-842A-E3141088632E}.Release|x64.ActiveCfg = Release|Any CPU
		{1DAFA433-DBFF-48CB-842A-E3141088632E}.Release|x64.Build.0 = Release|Any CPU
		{1DAFA433-DBFF-48CB-842A-E3141088632E}.Release|x86.ActiveCfg = Release|Any CPU
		{1DAFA433-DBFF-48CB-842A-E3141088632E}.Release|x86.Build.0 = Release|Any CPU
		{9B156279-9D20-4EFE-8938-636E492D8491}.Debug|ARM.ActiveCfg = Debug|Any CPU
		{9B156279-9D20-4EFE-8938-636E492D8491}.Debug|ARM.Build.0 = Debug|Any CPU
		{9B156279-9D20-4EFE-8938-636E492D8491}.Debug|x64.ActiveCfg = Debug|Any CPU
		{9B156279-9D20-4EFE-8938-636E492D8491}.Debug|x64.Build.0 = Debug|Any CPU
		{9B156279-9D20-4EFE-8938-636E492D8491}.Debug|x86.ActiveCfg = Debug|Any CPU
		{9B156279-9D20-4EFE-8938-636E492D8491}.Debug|x86.Build.0 = Debug|Any CPU
		{9B156279-9D20-4EFE-8938-636E492D8491}.Release|ARM.ActiveCfg = Release|Any CPU
		{9B156279-9D20-4EFE-8938-636E492D8491}.Release|ARM.Build.0 = Release|Any CPU
		{9B156279-9D20-4EFE-8938-636E492D8491}.Release|x64.ActiveCfg = Release|Any CPU
		{9B156279-9D20-4EFE-8938-636E492D8491}.Release|x64.Build.0 = Release|Any CPU
		{9B156279-9D20-4EFE-8938-636E492D8491}.Release|x86.ActiveCfg = Release|Any CPU
		{9B156279-9D20-4EFE-8938-636E492D8491}.Release|x86.Build.0 = Release|Any CPU
		{A7293283-4C33-4E40-9CC7-DC54080CB119}.Debug|ARM.ActiveCfg = Debug|Any CPU
		{A7293283-4C33-4E40-9CC7-DC54080CB119}.Debug|ARM.Build.0 = Debug|Any CPU
		{A7293283-4C33-4E40-9CC7-DC54080CB119}.Debug|x64.ActiveCfg = Debug|Any CPU
		{A7293283-4C33-4E40-9CC7-DC54080CB119}.Debug|x64.Build.0 = Debug|Any CPU
		{A7293283-4C33-4E40-9CC7-DC54080CB119}.Debug|x86.ActiveCfg = Debug|Any CPU
		{A7293283-4C33-4E40-9CC7-DC54080CB119}.Debug|x86.Build.0 = Debug|Any CPU
		{A7293283-4C33-4E40-9CC7-DC54080CB119}.Release|ARM.ActiveCfg = Release|Any CPU
		{A7293283-4C33-4E40-9CC7-DC54080CB119}.Release|ARM.Build.0 = Release|Any CPU
		{A7293283-4C33-4E40-9CC7-DC54080CB119}.Release|x64.ActiveCfg = Release|Any CPU
		{A7293283-4C33-4E40-9CC7-DC54080CB119}.Release|x64.Build.0 = Release|Any CPU
		{A7293283-4C33-4E40-9CC7-DC54080CB119}.Release|x86.ActiveCfg = Release|Any CPU
		{A7293283-4C33-4E40-9CC7-DC54080CB119}.Release|x86.Build.0 = Release|Any CPU
		{99EF8F37-6EB7-4AA7-A15C-10EA7E6886C2}.Debug|ARM.ActiveCfg = Debug|Any CPU
		{99EF8F37-6EB7-4AA7-A15C-10EA7E6886C2}.Debug|ARM.Build.0 = Debug|Any CPU
		{99EF8F37-6EB7-4AA7-A15C-10EA7E6886C2}.Debug|x64.ActiveCfg = Debug|Any CPU
		{99EF8F37-6EB7-4AA7-A15C-10EA7E6886C2}.Debug|x64.Build.0 = Debug|Any CPU
		{99EF8F37-6EB7-4AA7-A15C-10EA7E6886C2}.Debug|x86.ActiveCfg = Debug|Any CPU
		{99EF8F37-6EB7-4AA7-A15C-10EA7E6886C2}.Debug|x86.Build.0 = Debug|Any CPU
		{99EF8F37-6EB7-4AA7-A15C-10EA7E6886C2}.Release|ARM.ActiveCfg = Release|Any CPU
		{99EF8F37-6EB7-4AA7-A15C-10EA7E6886C2}.Release|ARM.Build.0 = Release|Any CPU
		{99EF8F37-6EB7-4AA7-A15C-10EA7E6886C2}.Release|x64.ActiveCfg = Release|Any CPU
		{99EF8F37-6EB7-4AA7-A15C-10EA7E6886C2}.Release|x64.Build.0 = Release|Any CPU
		{99EF8F37-6EB7-4AA7-A15C-10EA7E6886C2}.Release|x86.ActiveCfg = Release|Any CPU
		{99EF8F37-6EB7-4AA7-A15C-10EA7E6886C2}.Release|x86.Build.0 = Release|Any CPU
		{D368DAF5-7388-4998-9736-142281C08AB9}.Debug|ARM.ActiveCfg = Debug|Any CPU
		{D368DAF5-7388-4998-9736-142281C08AB9}.Debug|ARM.Build.0 = Debug|Any CPU
		{D368DAF5-7388-4998-9736-142281C08AB9}.Debug|x64.ActiveCfg = Debug|Any CPU
		{D368DAF5-7388-4998-9736-142281C08AB9}.Debug|x64.Build.0 = Debug|Any CPU
		{D368DAF5-7388-4998-9736-142281C08AB9}.Debug|x86.ActiveCfg = Debug|Any CPU
		{D368DAF5-7388-4998-9736-142281C08AB9}.Debug|x86.Build.0 = Debug|Any CPU
		{D368DAF5-7388-4998-9736-142281C08AB9}.Release|ARM.ActiveCfg = Release|Any CPU
		{D368DAF5-7388-4998-9736-142281C08AB9}.Release|ARM.Build.0 = Release|Any CPU
		{D368DAF5-7388-4998-9736-142281C08AB9}.Release|x64.ActiveCfg = Release|Any CPU
		{D368DAF5-7388-4998-9736-142281C08AB9}.Release|x64.Build.0 = Release|Any CPU
		{D368DAF5-7388-4998-9736-142281C08AB9}.Release|x86.ActiveCfg = Release|Any CPU
		{D368DAF5-7388-4998-9736-142281C08AB9}.Release|x86.Build.0 = Release|Any CPU
		{DEFF692A-BE2E-407C-93BA-FE52672D0CBB}.Debug|ARM.ActiveCfg = Debug|Any CPU
		{DEFF692A-BE2E-407C-93BA-FE52672D0CBB}.Debug|ARM.Build.0 = Debug|Any CPU
		{DEFF692A-BE2E-407C-93BA-FE52672D0CBB}.Debug|x64.ActiveCfg = Debug|Any CPU
		{DEFF692A-BE2E-407C-93BA-FE52672D0CBB}.Debug|x64.Build.0 = Debug|Any CPU
		{DEFF692A-BE2E-407C-93BA-FE52672D0CBB}.Debug|x86.ActiveCfg = Debug|Any CPU
		{DEFF692A-BE2E-407C-93BA-FE52672D0CBB}.Debug|x86.Build.0 = Debug|Any CPU
		{DEFF692A-BE2E-407C-93BA-FE52672D0CBB}.Release|ARM.ActiveCfg = Release|Any CPU
		{DEFF692A-BE2E-407C-93BA-FE52672D0CBB}.Release|ARM.Build.0 = Release|Any CPU
		{DEFF692A-BE2E-407C-93BA-FE52672D0CBB}.Release|x64.ActiveCfg = Release|Any CPU
		{DEFF692A-BE2E-407C-93BA-FE52672D0CBB}.Release|x64.Build.0 = Release|Any CPU
		{DEFF692A-BE2E-407C-93BA-FE52672D0CBB}.Release|x86.ActiveCfg = Release|Any CPU
		{DEFF692A-BE2E-407C-93BA-FE52672D0CBB}.Release|x86.Build.0 = Release|Any CPU
		{DCE229AB-BEE2-4E68-A8BD-DECE4BD28E01}.Debug|ARM.ActiveCfg = Debug|Any CPU
		{DCE229AB-BEE2-4E68-A8BD-DECE4BD28E01}.Debug|ARM.Build.0 = Debug|Any CPU
		{DCE229AB-BEE2-4E68-A8BD-DECE4BD28E01}.Debug|x64.ActiveCfg = Debug|Any CPU
		{DCE229AB-BEE2-4E68-A8BD-DECE4BD28E01}.Debug|x64.Build.0 = Debug|Any CPU
		{DCE229AB-BEE2-4E68-A8BD-DECE4BD28E01}.Debug|x86.ActiveCfg = Debug|Any CPU
		{DCE229AB-BEE2-4E68-A8BD-DECE4BD28E01}.Debug|x86.Build.0 = Debug|Any CPU
		{DCE229AB-BEE2-4E68-A8BD-DECE4BD28E01}.Release|ARM.ActiveCfg = Release|Any CPU
		{DCE229AB-BEE2-4E68-A8BD-DECE4BD28E01}.Release|ARM.Build.0 = Release|Any CPU
		{DCE229AB-BEE2-4E68-A8BD-DECE4BD28E01}.Release|x64.ActiveCfg = Release|Any CPU
		{DCE229AB-BEE2-4E68-A8BD-DECE4BD28E01}.Release|x64.Build.0 = Release|Any CPU
		{DCE229AB-BEE2-4E68-A8BD-DECE4BD28E01}.Release|x86.ActiveCfg = Release|Any CPU
		{DCE229AB-BEE2-4E68-A8BD-DECE4BD28E01}.Release|x86.Build.0 = Release|Any CPU
	EndGlobalSection
	GlobalSection(SolutionProperties) = preSolution
		HideSolutionNode = FALSE
	EndGlobalSection
EndGlobal
