
Microsoft Visual Studio Solution File, Format Version 12.00
# Visual Studio 2012
Project("{FAE04EC0-301F-11D3-BF4B-00C04F79EFBC}") = "WindowsPhone.MVVM.Tombstone", "WindowsPhone.MVVM.Tombstone\WindowsPhone.MVVM.Tombstone.csproj", "{520BEA84-4FEC-4476-9DDF-1F38754DAB9A}"
EndProject
Global
	GlobalSection(TeamFoundationVersionControl) = preSolution
		SccNumberOfProjects = 2
		SccEnterpriseProvider = {4CA58AB2-18FA-4F8D-95D4-32DDF27D184C}
		SccTeamFoundationServer = https://tfs.codeplex.com/tfs/tfs15
		SccLocalPath0 = .
		SccProjectUniqueName1 = WindowsPhone.MVVM.Tombstone\\WindowsPhone.MVVM.Tombstone.csproj
		SccProjectName1 = WindowsPhone.MVVM.Tombstone
		SccLocalPath1 = WindowsPhone.MVVM.Tombstone
	EndGlobalSection
	GlobalSection(SolutionConfigurationPlatforms) = preSolution
		Debug|Any CPU = Debug|Any CPU
		Release|Any CPU = Release|Any CPU
	EndGlobalSection
	GlobalSection(ProjectConfigurationPlatforms) = postSolution
		{520BEA84-4FEC-4476-9DDF-1F38754DAB9A}.Debug|Any CPU.ActiveCfg = Debug|Any CPU
		{520BEA84-4FEC-4476-9DDF-1F38754DAB9A}.Debug|Any CPU.Build.0 = Debug|Any CPU
		{520BEA84-4FEC-4476-9DDF-1F38754DAB9A}.Release|Any CPU.ActiveCfg = Release|Any CPU
		{520BEA84-4FEC-4476-9DDF-1F38754DAB9A}.Release|Any CPU.Build.0 = Release|Any CPU
	EndGlobalSection
	GlobalSection(SolutionProperties) = preSolution
		HideSolutionNode = FALSE
	EndGlobalSection
EndGlobal
