
Microsoft Visual Studio Solution File, Format Version 12.00
# Visual Studio 2013
VisualStudioVersion = 12.0.30723.0
MinimumVisualStudioVersion = 10.0.40219.1
Project("{2150E333-8FDC-42A3-9474-1A3956D46DE8}") = "Feedsea", "Feedsea", "{53527B87-4D0E-4B98-88BD-8C3E9383C208}"
EndProject
Project("{D954291E-2A0B-460D-934E-DC6B0785DB48}") = "Feedsea.Shared", "Feedsea\Feedsea.Shared\Feedsea.Shared.shproj", "{6F773D52-C48A-42EA-AE33-930E59877D91}"
EndProject
Project("{FAE04EC0-301F-11D3-BF4B-00C04F79EFBC}") = "Feedsea.Windows", "Feedsea\Feedsea.Windows\Feedsea.Windows.csproj", "{DC80E1F2-2ED2-4755-BBB8-E4ED37D77454}"
EndProject
Project("{FAE04EC0-301F-11D3-BF4B-00C04F79EFBC}") = "Feedsea.WindowsPhone", "Feedsea\Feedsea.WindowsPhone\Feedsea.WindowsPhone.csproj", "{899EF4DA-82E4-43E5-82D3-145AD5670E2E}"
EndProject
Project("{2150E333-8FDC-42A3-9474-1A3956D46DE8}") = "Feedsea.Legacy", "Feedsea.Legacy", "{13073B38-97D2-4032-984B-117750D54E3E}"
EndProject
Project("{FAE04EC0-301F-11D3-BF4B-00C04F79EFBC}") = "Feedsea.WindowsPhone8", "Feedsea.WindowsPhone8\Feedsea.WindowsPhone8.csproj", "{4C1784D5-66B3-4CA5-A010-BA0BF8D3EEAC}"
EndProject
Project("{2150E333-8FDC-42A3-9474-1A3956D46DE8}") = "Feedsea.ApiClients", "Feedsea.ApiClients", "{4C2AC31A-D33C-46E3-88B2-9398D3B44661}"
EndProject
Project("{2150E333-8FDC-42A3-9474-1A3956D46DE8}") = "Feedsea.Providers", "Feedsea.Providers", "{F8619AE9-EF39-4A32-A259-08E78E9B30F9}"
EndProject
Project("{FAE04EC0-301F-11D3-BF4B-00C04F79EFBC}") = "Feedsea.Common.Api.Feedly", "Feedsea.Common.Api.Feedly\Feedsea.Common.Api.Feedly.csproj", "{62F33066-9AD1-4D80-B7C4-E7F6FB652AFD}"
EndProject
Project("{FAE04EC0-301F-11D3-BF4B-00C04F79EFBC}") = "Feedsea.Common.Providers", "Feedsea.Common.Providers\Feedsea.Common.Providers.csproj", "{CC04FC61-59E5-4F05-8632-B40B849E45DE}"
EndProject
Global
	GlobalSection(SharedMSBuildProjectFiles) = preSolution
		Feedsea\Feedsea.Shared\Feedsea.Shared.projitems*{dc80e1f2-2ed2-4755-bbb8-e4ed37d77454}*SharedItemsImports = 4
		Feedsea\Feedsea.Shared\Feedsea.Shared.projitems*{899ef4da-82e4-43e5-82d3-145ad5670e2e}*SharedItemsImports = 4
		Feedsea\Feedsea.Shared\Feedsea.Shared.projitems*{6f773d52-c48a-42ea-ae33-930e59877d91}*SharedItemsImports = 13
	EndGlobalSection
	GlobalSection(SolutionConfigurationPlatforms) = preSolution
		Debug|Any CPU = Debug|Any CPU
		Debug|ARM = Debug|ARM
		Debug|x64 = Debug|x64
		Debug|x86 = Debug|x86
		Release|Any CPU = Release|Any CPU
		Release|ARM = Release|ARM
		Release|x64 = Release|x64
		Release|x86 = Release|x86
	EndGlobalSection
	GlobalSection(ProjectConfigurationPlatforms) = postSolution
		{DC80E1F2-2ED2-4755-BBB8-E4ED37D77454}.Debug|Any CPU.ActiveCfg = Debug|Any CPU
		{DC80E1F2-2ED2-4755-BBB8-E4ED37D77454}.Debug|Any CPU.Build.0 = Debug|Any CPU
		{DC80E1F2-2ED2-4755-BBB8-E4ED37D77454}.Debug|Any CPU.Deploy.0 = Debug|Any CPU
		{DC80E1F2-2ED2-4755-BBB8-E4ED37D77454}.Debug|ARM.ActiveCfg = Debug|ARM
		{DC80E1F2-2ED2-4755-BBB8-E4ED37D77454}.Debug|ARM.Build.0 = Debug|ARM
		{DC80E1F2-2ED2-4755-BBB8-E4ED37D77454}.Debug|ARM.Deploy.0 = Debug|ARM
		{DC80E1F2-2ED2-4755-BBB8-E4ED37D77454}.Debug|x64.ActiveCfg = Debug|x64
		{DC80E1F2-2ED2-4755-BBB8-E4ED37D77454}.Debug|x64.Build.0 = Debug|x64
		{DC80E1F2-2ED2-4755-BBB8-E4ED37D77454}.Debug|x64.Deploy.0 = Debug|x64
		{DC80E1F2-2ED2-4755-BBB8-E4ED37D77454}.Debug|x86.ActiveCfg = Debug|x86
		{DC80E1F2-2ED2-4755-BBB8-E4ED37D77454}.Debug|x86.Build.0 = Debug|x86
		{DC80E1F2-2ED2-4755-BBB8-E4ED37D77454}.Debug|x86.Deploy.0 = Debug|x86
		{DC80E1F2-2ED2-4755-BBB8-E4ED37D77454}.Release|Any CPU.ActiveCfg = Release|Any CPU
		{DC80E1F2-2ED2-4755-BBB8-E4ED37D77454}.Release|Any CPU.Build.0 = Release|Any CPU
		{DC80E1F2-2ED2-4755-BBB8-E4ED37D77454}.Release|Any CPU.Deploy.0 = Release|Any CPU
		{DC80E1F2-2ED2-4755-BBB8-E4ED37D77454}.Release|ARM.ActiveCfg = Release|ARM
		{DC80E1F2-2ED2-4755-BBB8-E4ED37D77454}.Release|ARM.Build.0 = Release|ARM
		{DC80E1F2-2ED2-4755-BBB8-E4ED37D77454}.Release|ARM.Deploy.0 = Release|ARM
		{DC80E1F2-2ED2-4755-BBB8-E4ED37D77454}.Release|x64.ActiveCfg = Release|x64
		{DC80E1F2-2ED2-4755-BBB8-E4ED37D77454}.Release|x64.Build.0 = Release|x64
		{DC80E1F2-2ED2-4755-BBB8-E4ED37D77454}.Release|x64.Deploy.0 = Release|x64
		{DC80E1F2-2ED2-4755-BBB8-E4ED37D77454}.Release|x86.ActiveCfg = Release|x86
		{DC80E1F2-2ED2-4755-BBB8-E4ED37D77454}.Release|x86.Build.0 = Release|x86
		{DC80E1F2-2ED2-4755-BBB8-E4ED37D77454}.Release|x86.Deploy.0 = Release|x86
		{899EF4DA-82E4-43E5-82D3-145AD5670E2E}.Debug|Any CPU.ActiveCfg = Debug|Any CPU
		{899EF4DA-82E4-43E5-82D3-145AD5670E2E}.Debug|Any CPU.Build.0 = Debug|Any CPU
		{899EF4DA-82E4-43E5-82D3-145AD5670E2E}.Debug|Any CPU.Deploy.0 = Debug|Any CPU
		{899EF4DA-82E4-43E5-82D3-145AD5670E2E}.Debug|ARM.ActiveCfg = Debug|ARM
		{899EF4DA-82E4-43E5-82D3-145AD5670E2E}.Debug|ARM.Build.0 = Debug|ARM
		{899EF4DA-82E4-43E5-82D3-145AD5670E2E}.Debug|ARM.Deploy.0 = Debug|ARM
		{899EF4DA-82E4-43E5-82D3-145AD5670E2E}.Debug|x64.ActiveCfg = Debug|Any CPU
		{899EF4DA-82E4-43E5-82D3-145AD5670E2E}.Debug|x86.ActiveCfg = Debug|x86
		{899EF4DA-82E4-43E5-82D3-145AD5670E2E}.Debug|x86.Build.0 = Debug|x86
		{899EF4DA-82E4-43E5-82D3-145AD5670E2E}.Debug|x86.Deploy.0 = Debug|x86
		{899EF4DA-82E4-43E5-82D3-145AD5670E2E}.Release|Any CPU.ActiveCfg = Release|Any CPU
		{899EF4DA-82E4-43E5-82D3-145AD5670E2E}.Release|Any CPU.Build.0 = Release|Any CPU
		{899EF4DA-82E4-43E5-82D3-145AD5670E2E}.Release|Any CPU.Deploy.0 = Release|Any CPU
		{899EF4DA-82E4-43E5-82D3-145AD5670E2E}.Release|ARM.ActiveCfg = Release|ARM
		{899EF4DA-82E4-43E5-82D3-145AD5670E2E}.Release|ARM.Build.0 = Release|ARM
		{899EF4DA-82E4-43E5-82D3-145AD5670E2E}.Release|ARM.Deploy.0 = Release|ARM
		{899EF4DA-82E4-43E5-82D3-145AD5670E2E}.Release|x64.ActiveCfg = Release|Any CPU
		{899EF4DA-82E4-43E5-82D3-145AD5670E2E}.Release|x86.ActiveCfg = Release|x86
		{899EF4DA-82E4-43E5-82D3-145AD5670E2E}.Release|x86.Build.0 = Release|x86
		{899EF4DA-82E4-43E5-82D3-145AD5670E2E}.Release|x86.Deploy.0 = Release|x86
		{4C1784D5-66B3-4CA5-A010-BA0BF8D3EEAC}.Debug|Any CPU.ActiveCfg = Debug|Any CPU
		{4C1784D5-66B3-4CA5-A010-BA0BF8D3EEAC}.Debug|Any CPU.Build.0 = Debug|Any CPU
		{4C1784D5-66B3-4CA5-A010-BA0BF8D3EEAC}.Debug|Any CPU.Deploy.0 = Debug|Any CPU
		{4C1784D5-66B3-4CA5-A010-BA0BF8D3EEAC}.Debug|ARM.ActiveCfg = Debug|ARM
		{4C1784D5-66B3-4CA5-A010-BA0BF8D3EEAC}.Debug|ARM.Build.0 = Debug|ARM
		{4C1784D5-66B3-4CA5-A010-BA0BF8D3EEAC}.Debug|ARM.Deploy.0 = Debug|ARM
		{4C1784D5-66B3-4CA5-A010-BA0BF8D3EEAC}.Debug|x64.ActiveCfg = Debug|Any CPU
		{4C1784D5-66B3-4CA5-A010-BA0BF8D3EEAC}.Debug|x86.ActiveCfg = Debug|x86
		{4C1784D5-66B3-4CA5-A010-BA0BF8D3EEAC}.Debug|x86.Build.0 = Debug|x86
		{4C1784D5-66B3-4CA5-A010-BA0BF8D3EEAC}.Debug|x86.Deploy.0 = Debug|x86
		{4C1784D5-66B3-4CA5-A010-BA0BF8D3EEAC}.Release|Any CPU.ActiveCfg = Release|Any CPU
		{4C1784D5-66B3-4CA5-A010-BA0BF8D3EEAC}.Release|Any CPU.Build.0 = Release|Any CPU
		{4C1784D5-66B3-4CA5-A010-BA0BF8D3EEAC}.Release|Any CPU.Deploy.0 = Release|Any CPU
		{4C1784D5-66B3-4CA5-A010-BA0BF8D3EEAC}.Release|ARM.ActiveCfg = Release|ARM
		{4C1784D5-66B3-4CA5-A010-BA0BF8D3EEAC}.Release|ARM.Build.0 = Release|ARM
		{4C1784D5-66B3-4CA5-A010-BA0BF8D3EEAC}.Release|ARM.Deploy.0 = Release|ARM
		{4C1784D5-66B3-4CA5-A010-BA0BF8D3EEAC}.Release|x64.ActiveCfg = Release|Any CPU
		{4C1784D5-66B3-4CA5-A010-BA0BF8D3EEAC}.Release|x86.ActiveCfg = Release|x86
		{4C1784D5-66B3-4CA5-A010-BA0BF8D3EEAC}.Release|x86.Build.0 = Release|x86
		{4C1784D5-66B3-4CA5-A010-BA0BF8D3EEAC}.Release|x86.Deploy.0 = Release|x86
		{62F33066-9AD1-4D80-B7C4-E7F6FB652AFD}.Debug|Any CPU.ActiveCfg = Debug|Any CPU
		{62F33066-9AD1-4D80-B7C4-E7F6FB652AFD}.Debug|Any CPU.Build.0 = Debug|Any CPU
		{62F33066-9AD1-4D80-B7C4-E7F6FB652AFD}.Debug|ARM.ActiveCfg = Debug|Any CPU
		{62F33066-9AD1-4D80-B7C4-E7F6FB652AFD}.Debug|x64.ActiveCfg = Debug|Any CPU
		{62F33066-9AD1-4D80-B7C4-E7F6FB652AFD}.Debug|x86.ActiveCfg = Debug|Any CPU
		{62F33066-9AD1-4D80-B7C4-E7F6FB652AFD}.Release|Any CPU.ActiveCfg = Release|Any CPU
		{62F33066-9AD1-4D80-B7C4-E7F6FB652AFD}.Release|Any CPU.Build.0 = Release|Any CPU
		{62F33066-9AD1-4D80-B7C4-E7F6FB652AFD}.Release|ARM.ActiveCfg = Release|Any CPU
		{62F33066-9AD1-4D80-B7C4-E7F6FB652AFD}.Release|x64.ActiveCfg = Release|Any CPU
		{62F33066-9AD1-4D80-B7C4-E7F6FB652AFD}.Release|x86.ActiveCfg = Release|Any CPU
		{CC04FC61-59E5-4F05-8632-B40B849E45DE}.Debug|Any CPU.ActiveCfg = Debug|Any CPU
		{CC04FC61-59E5-4F05-8632-B40B849E45DE}.Debug|Any CPU.Build.0 = Debug|Any CPU
		{CC04FC61-59E5-4F05-8632-B40B849E45DE}.Debug|ARM.ActiveCfg = Debug|Any CPU
		{CC04FC61-59E5-4F05-8632-B40B849E45DE}.Debug|x64.ActiveCfg = Debug|Any CPU
		{CC04FC61-59E5-4F05-8632-B40B849E45DE}.Debug|x86.ActiveCfg = Debug|Any CPU
		{CC04FC61-59E5-4F05-8632-B40B849E45DE}.Release|Any CPU.ActiveCfg = Release|Any CPU
		{CC04FC61-59E5-4F05-8632-B40B849E45DE}.Release|Any CPU.Build.0 = Release|Any CPU
		{CC04FC61-59E5-4F05-8632-B40B849E45DE}.Release|ARM.ActiveCfg = Release|Any CPU
		{CC04FC61-59E5-4F05-8632-B40B849E45DE}.Release|x64.ActiveCfg = Release|Any CPU
		{CC04FC61-59E5-4F05-8632-B40B849E45DE}.Release|x86.ActiveCfg = Release|Any CPU
	EndGlobalSection
	GlobalSection(SolutionProperties) = preSolution
		HideSolutionNode = FALSE
	EndGlobalSection
	GlobalSection(NestedProjects) = preSolution
		{6F773D52-C48A-42EA-AE33-930E59877D91} = {53527B87-4D0E-4B98-88BD-8C3E9383C208}
		{DC80E1F2-2ED2-4755-BBB8-E4ED37D77454} = {53527B87-4D0E-4B98-88BD-8C3E9383C208}
		{899EF4DA-82E4-43E5-82D3-145AD5670E2E} = {53527B87-4D0E-4B98-88BD-8C3E9383C208}
		{4C1784D5-66B3-4CA5-A010-BA0BF8D3EEAC} = {13073B38-97D2-4032-984B-117750D54E3E}
		{62F33066-9AD1-4D80-B7C4-E7F6FB652AFD} = {4C2AC31A-D33C-46E3-88B2-9398D3B44661}
		{CC04FC61-59E5-4F05-8632-B40B849E45DE} = {F8619AE9-EF39-4A32-A259-08E78E9B30F9}
	EndGlobalSection
EndGlobal
