
Microsoft Visual Studio Solution File, Format Version 12.00
# Visual Studio 2013
VisualStudioVersion = 12.0.30723.0
MinimumVisualStudioVersion = 10.0.40219.1
Project("{2150E333-8FDC-42A3-9474-1A3956D46DE8}") = "Feedsea", "Feedsea", "{53527B87-4D0E-4B98-88BD-8C3E9383C208}"
EndProject
Project("{D954291E-2A0B-460D-934E-DC6B0785DB48}") = "Feedsea.Shared", "Feedsea\Feedsea.Shared\Feedsea.Shared.shproj", "{6F773D52-C48A-42EA-AE33-930E59877D91}"
EndProject
Project("{FAE04EC0-301F-11D3-BF4B-00C04F79EFBC}") = "Feedsea.Windows", "Feedsea\Feedsea.Windows\Feedsea.Windows.csproj", "{DC80E1F2-2ED2-4755-BBB8-E4ED37D77454}"
EndProject
Project("{FAE04EC0-301F-11D3-BF4B-00C04F79EFBC}") = "Feedsea.WindowsPhone", "Feedsea\Feedsea.WindowsPhone\Feedsea.WindowsPhone.csproj", "{899EF4DA-82E4-43E5-82D3-145AD5670E2E}"
EndProject
Project("{2150E333-8FDC-42A3-9474-1A3956D46DE8}") = "Feedsea.Legacy", "Feedsea.Legacy", "{13073B38-97D2-4032-984B-117750D54E3E}"
EndProject
Project("{FAE04EC0-301F-11D3-BF4B-00C04F79EFBC}") = "Feedsea.WindowsPhone8", "Feedsea.WindowsPhone8\Feedsea.WindowsPhone8.csproj", "{4C1784D5-66B3-4CA5-A010-BA0BF8D3EEAC}"
EndProject
Project("{2150E333-8FDC-42A3-9474-1A3956D46DE8}") = "Feedsea.ApiClients", "Feedsea.ApiClients", "{4C2AC31A-D33C-46E3-88B2-9398D3B44661}"
EndProject
Project("{2150E333-8FDC-42A3-9474-1A3956D46DE8}") = "Feedsea.Providers", "Feedsea.Providers", "{F8619AE9-EF39-4A32-A259-08E78E9B30F9}"
EndProject
Project("{FAE04EC0-301F-11D3-BF4B-00C04F79EFBC}") = "Feedsea.Common.Api.Feedly", "Feedsea.Common.Api.Feedly\Feedsea.Common.Api.Feedly.csproj", "{62F33066-9AD1-4D80-B7C4-E7F6FB652AFD}"
EndProject
Project("{FAE04EC0-301F-11D3-BF4B-00C04F79EFBC}") = "Feedsea.Common.Providers", "Feedsea.Common.Providers\Feedsea.Common.Providers.csproj", "{CC04FC61-59E5-4F05-8632-B40B849E45DE}"
EndProject
Project("{FAE04EC0-301F-11D3-BF4B-00C04F79EFBC}") = "Feedsea.Common.Providers.Feedly", "Feedsea.Common.Providers.Feedly\Feedsea.Common.Providers.Feedly.csproj", "{1588E18B-18E2-472A-9813-A7EE778E4FD8}"
EndProject
Project("{FAE04EC0-301F-11D3-BF4B-00C04F79EFBC}") = "Feedsea.Common.Providers.Evernote", "Feedsea.Common.Providers.Evernote\Feedsea.Common.Providers.Evernote.csproj", "{01E46B11-D7B3-4AAC-A15D-32AA1F036E26}"
EndProject
Project("{FAE04EC0-301F-11D3-BF4B-00C04F79EFBC}") = "Feedsea.Common.Providers.Instapaper", "Feedsea.Common.Providers.Instapaper\Feedsea.Common.Providers.Instapaper.csproj", "{B8D929B6-75C1-453A-98CE-4D56D9374480}"
EndProject
Project("{FAE04EC0-301F-11D3-BF4B-00C04F79EFBC}") = "Feedsea.Common.Providers.MobilizerProvider", "Feedsea.Common.Providers.MobilizerProvider\Feedsea.Common.Providers.MobilizerProvider.csproj", "{A7293283-4C33-4E40-9CC7-DC54080CB119}"
EndProject
Project("{FAE04EC0-301F-11D3-BF4B-00C04F79EFBC}") = "Feedsea.Common.Providers.OneNote", "Feedsea.Common.Providers.OneNote\Feedsea.Common.Providers.OneNote.csproj", "{99EF8F37-6EB7-4AA7-A15C-10EA7E6886C2}"
EndProject
Project("{FAE04EC0-301F-11D3-BF4B-00C04F79EFBC}") = "Feedsea.Common.Providers.Pocket", "Feedsea.Common.Providers.Pocket\Feedsea.Common.Providers.Pocket.csproj", "{DEFF692A-BE2E-407C-93BA-FE52672D0CBB}"
EndProject
Project("{FAE04EC0-301F-11D3-BF4B-00C04F79EFBC}") = "Feedsea.Common.Api.Buffer", "Feedsea.Common.Api.Buffer\Feedsea.Common.Api.Buffer.csproj", "{613719DA-AC7B-4CE9-AC81-ADAC5BD2F11B}"
EndProject
Project("{FAE04EC0-301F-11D3-BF4B-00C04F79EFBC}") = "Feedsea.Common.Api.Instapaper", "Feedsea.Common.Api.Instapaper\Feedsea.Common.Api.Instapaper.csproj", "{1DAFA433-DBFF-48CB-842A-E3141088632E}"
EndProject
Project("{FAE04EC0-301F-11D3-BF4B-00C04F79EFBC}") = "Feedsea.Common.Api.OneNote", "Feedsea.Common.Api.OneNote\Feedsea.Common.Api.OneNote.csproj", "{D368DAF5-7388-4998-9736-142281C08AB9}"
EndProject
Project("{FAE04EC0-301F-11D3-BF4B-00C04F79EFBC}") = "Feedsea.Common.Api.Pocket", "Feedsea.Common.Api.Pocket\Feedsea.Common.Api.Pocket.csproj", "{DCE229AB-BEE2-4E68-A8BD-DECE4BD28E01}"
EndProject
Global
	GlobalSection(SharedMSBuildProjectFiles) = preSolution
		Feedsea\Feedsea.Shared\Feedsea.Shared.projitems*{dc80e1f2-2ed2-4755-bbb8-e4ed37d77454}*SharedItemsImports = 4
		Feedsea\Feedsea.Shared\Feedsea.Shared.projitems*{899ef4da-82e4-43e5-82d3-145ad5670e2e}*SharedItemsImports = 4
		Feedsea\Feedsea.Shared\Feedsea.Shared.projitems*{6f773d52-c48a-42ea-ae33-930e59877d91}*SharedItemsImports = 13
	EndGlobalSection
	GlobalSection(SolutionConfigurationPlatforms) = preSolution
		Debug|Any CPU = Debug|Any CPU
		Debug|ARM = Debug|ARM
		Debug|x64 = Debug|x64
		Debug|x86 = Debug|x86
		Release|Any CPU = Release|Any CPU
		Release|ARM = Release|ARM
		Release|x64 = Release|x64
		Release|x86 = Release|x86
	EndGlobalSection
	GlobalSection(ProjectConfigurationPlatforms) = postSolution
		{DC80E1F2-2ED2-4755-BBB8-E4ED37D77454}.Debug|Any CPU.ActiveCfg = Debug|Any CPU
		{DC80E1F2-2ED2-4755-BBB8-E4ED37D77454}.Debug|Any CPU.Build.0 = Debug|Any CPU
		{DC80E1F2-2ED2-4755-BBB8-E4ED37D77454}.Debug|Any CPU.Deploy.0 = Debug|Any CPU
		{DC80E1F2-2ED2-4755-BBB8-E4ED37D77454}.Debug|ARM.ActiveCfg = Debug|ARM
		{DC80E1F2-2ED2-4755-BBB8-E4ED37D77454}.Debug|ARM.Build.0 = Debug|ARM
		{DC80E1F2-2ED2-4755-BBB8-E4ED37D77454}.Debug|ARM.Deploy.0 = Debug|ARM
		{DC80E1F2-2ED2-4755-BBB8-E4ED37D77454}.Debug|x64.ActiveCfg = Debug|x64
		{DC80E1F2-2ED2-4755-BBB8-E4ED37D77454}.Debug|x64.Build.0 = Debug|x64
		{DC80E1F2-2ED2-4755-BBB8-E4ED37D77454}.Debug|x64.Deploy.0 = Debug|x64
		{DC80E1F2-2ED2-4755-BBB8-E4ED37D77454}.Debug|x86.ActiveCfg = Debug|x86
		{DC80E1F2-2ED2-4755-BBB8-E4ED37D77454}.Debug|x86.Build.0 = Debug|x86
		{DC80E1F2-2ED2-4755-BBB8-E4ED37D77454}.Debug|x86.Deploy.0 = Debug|x86
		{DC80E1F2-2ED2-4755-BBB8-E4ED37D77454}.Release|Any CPU.ActiveCfg = Release|Any CPU
		{DC80E1F2-2ED2-4755-BBB8-E4ED37D77454}.Release|Any CPU.Build.0 = Release|Any CPU
		{DC80E1F2-2ED2-4755-BBB8-E4ED37D77454}.Release|Any CPU.Deploy.0 = Release|Any CPU
		{DC80E1F2-2ED2-4755-BBB8-E4ED37D77454}.Release|ARM.ActiveCfg = Release|ARM
		{DC80E1F2-2ED2-4755-BBB8-E4ED37D77454}.Release|ARM.Build.0 = Release|ARM
		{DC80E1F2-2ED2-4755-BBB8-E4ED37D77454}.Release|ARM.Deploy.0 = Release|ARM
		{DC80E1F2-2ED2-4755-BBB8-E4ED37D77454}.Release|x64.ActiveCfg = Release|x64
		{DC80E1F2-2ED2-4755-BBB8-E4ED37D77454}.Release|x64.Build.0 = Release|x64
		{DC80E1F2-2ED2-4755-BBB8-E4ED37D77454}.Release|x64.Deploy.0 = Release|x64
		{DC80E1F2-2ED2-4755-BBB8-E4ED37D77454}.Release|x86.ActiveCfg = Release|x86
		{DC80E1F2-2ED2-4755-BBB8-E4ED37D77454}.Release|x86.Build.0 = Release|x86
		{DC80E1F2-2ED2-4755-BBB8-E4ED37D77454}.Release|x86.Deploy.0 = Release|x86
		{899EF4DA-82E4-43E5-82D3-145AD5670E2E}.Debug|Any CPU.ActiveCfg = Debug|Any CPU
		{899EF4DA-82E4-43E5-82D3-145AD5670E2E}.Debug|Any CPU.Build.0 = Debug|Any CPU
		{899EF4DA-82E4-43E5-82D3-145AD5670E2E}.Debug|Any CPU.Deploy.0 = Debug|Any CPU
		{899EF4DA-82E4-43E5-82D3-145AD5670E2E}.Debug|ARM.ActiveCfg = Debug|ARM
		{899EF4DA-82E4-43E5-82D3-145AD5670E2E}.Debug|ARM.Build.0 = Debug|ARM
		{899EF4DA-82E4-43E5-82D3-145AD5670E2E}.Debug|ARM.Deploy.0 = Debug|ARM
		{899EF4DA-82E4-43E5-82D3-145AD5670E2E}.Debug|x64.ActiveCfg = Debug|Any CPU
		{899EF4DA-82E4-43E5-82D3-145AD5670E2E}.Debug|x86.ActiveCfg = Debug|x86
		{899EF4DA-82E4-43E5-82D3-145AD5670E2E}.Debug|x86.Build.0 = Debug|x86
		{899EF4DA-82E4-43E5-82D3-145AD5670E2E}.Debug|x86.Deploy.0 = Debug|x86
		{899EF4DA-82E4-43E5-82D3-145AD5670E2E}.Release|Any CPU.ActiveCfg = Release|Any CPU
		{899EF4DA-82E4-43E5-82D3-145AD5670E2E}.Release|Any CPU.Build.0 = Release|Any CPU
		{899EF4DA-82E4-43E5-82D3-145AD5670E2E}.Release|Any CPU.Deploy.0 = Release|Any CPU
		{899EF4DA-82E4-43E5-82D3-145AD5670E2E}.Release|ARM.ActiveCfg = Release|ARM
		{899EF4DA-82E4-43E5-82D3-145AD5670E2E}.Release|ARM.Build.0 = Release|ARM
		{899EF4DA-82E4-43E5-82D3-145AD5670E2E}.Release|ARM.Deploy.0 = Release|ARM
		{899EF4DA-82E4-43E5-82D3-145AD5670E2E}.Release|x64.ActiveCfg = Release|Any CPU
		{899EF4DA-82E4-43E5-82D3-145AD5670E2E}.Release|x86.ActiveCfg = Release|x86
		{899EF4DA-82E4-43E5-82D3-145AD5670E2E}.Release|x86.Build.0 = Release|x86
		{899EF4DA-82E4-43E5-82D3-145AD5670E2E}.Release|x86.Deploy.0 = Release|x86
		{4C1784D5-66B3-4CA5-A010-BA0BF8D3EEAC}.Debug|Any CPU.ActiveCfg = Debug|Any CPU
		{4C1784D5-66B3-4CA5-A010-BA0BF8D3EEAC}.Debug|Any CPU.Build.0 = Debug|Any CPU
		{4C1784D5-66B3-4CA5-A010-BA0BF8D3EEAC}.Debug|Any CPU.Deploy.0 = Debug|Any CPU
		{4C1784D5-66B3-4CA5-A010-BA0BF8D3EEAC}.Debug|ARM.ActiveCfg = Debug|ARM
		{4C1784D5-66B3-4CA5-A010-BA0BF8D3EEAC}.Debug|ARM.Build.0 = Debug|ARM
		{4C1784D5-66B3-4CA5-A010-BA0BF8D3EEAC}.Debug|ARM.Deploy.0 = Debug|ARM
		{4C1784D5-66B3-4CA5-A010-BA0BF8D3EEAC}.Debug|x64.ActiveCfg = Debug|Any CPU
		{4C1784D5-66B3-4CA5-A010-BA0BF8D3EEAC}.Debug|x86.ActiveCfg = Debug|x86
		{4C1784D5-66B3-4CA5-A010-BA0BF8D3EEAC}.Debug|x86.Build.0 = Debug|x86
		{4C1784D5-66B3-4CA5-A010-BA0BF8D3EEAC}.Debug|x86.Deploy.0 = Debug|x86
		{4C1784D5-66B3-4CA5-A010-BA0BF8D3EEAC}.Release|Any CPU.ActiveCfg = Release|Any CPU
		{4C1784D5-66B3-4CA5-A010-BA0BF8D3EEAC}.Release|Any CPU.Build.0 = Release|Any CPU
		{4C1784D5-66B3-4CA5-A010-BA0BF8D3EEAC}.Release|Any CPU.Deploy.0 = Release|Any CPU
		{4C1784D5-66B3-4CA5-A010-BA0BF8D3EEAC}.Release|ARM.ActiveCfg = Release|ARM
		{4C1784D5-66B3-4CA5-A010-BA0BF8D3EEAC}.Release|ARM.Build.0 = Release|ARM
		{4C1784D5-66B3-4CA5-A010-BA0BF8D3EEAC}.Release|ARM.Deploy.0 = Release|ARM
		{4C1784D5-66B3-4CA5-A010-BA0BF8D3EEAC}.Release|x64.ActiveCfg = Release|Any CPU
		{4C1784D5-66B3-4CA5-A010-BA0BF8D3EEAC}.Release|x86.ActiveCfg = Release|x86
		{4C1784D5-66B3-4CA5-A010-BA0BF8D3EEAC}.Release|x86.Build.0 = Release|x86
		{4C1784D5-66B3-4CA5-A010-BA0BF8D3EEAC}.Release|x86.Deploy.0 = Release|x86
		{62F33066-9AD1-4D80-B7C4-E7F6FB652AFD}.Debug|Any CPU.ActiveCfg = Debug|Any CPU
		{62F33066-9AD1-4D80-B7C4-E7F6FB652AFD}.Debug|Any CPU.Build.0 = Debug|Any CPU
		{62F33066-9AD1-4D80-B7C4-E7F6FB652AFD}.Debug|ARM.ActiveCfg = Debug|Any CPU
		{62F33066-9AD1-4D80-B7C4-E7F6FB652AFD}.Debug|x64.ActiveCfg = Debug|Any CPU
		{62F33066-9AD1-4D80-B7C4-E7F6FB652AFD}.Debug|x86.ActiveCfg = Debug|Any CPU
		{62F33066-9AD1-4D80-B7C4-E7F6FB652AFD}.Release|Any CPU.ActiveCfg = Release|Any CPU
		{62F33066-9AD1-4D80-B7C4-E7F6FB652AFD}.Release|Any CPU.Build.0 = Release|Any CPU
		{62F33066-9AD1-4D80-B7C4-E7F6FB652AFD}.Release|ARM.ActiveCfg = Release|Any CPU
		{62F33066-9AD1-4D80-B7C4-E7F6FB652AFD}.Release|x64.ActiveCfg = Release|Any CPU
		{62F33066-9AD1-4D80-B7C4-E7F6FB652AFD}.Release|x86.ActiveCfg = Release|Any CPU
		{CC04FC61-59E5-4F05-8632-B40B849E45DE}.Debug|Any CPU.ActiveCfg = Debug|Any CPU
		{CC04FC61-59E5-4F05-8632-B40B849E45DE}.Debug|Any CPU.Build.0 = Debug|Any CPU
		{CC04FC61-59E5-4F05-8632-B40B849E45DE}.Debug|ARM.ActiveCfg = Debug|Any CPU
		{CC04FC61-59E5-4F05-8632-B40B849E45DE}.Debug|x64.ActiveCfg = Debug|Any CPU
		{CC04FC61-59E5-4F05-8632-B40B849E45DE}.Debug|x86.ActiveCfg = Debug|Any CPU
		{CC04FC61-59E5-4F05-8632-B40B849E45DE}.Release|Any CPU.ActiveCfg = Release|Any CPU
		{CC04FC61-59E5-4F05-8632-B40B849E45DE}.Release|Any CPU.Build.0 = Release|Any CPU
		{CC04FC61-59E5-4F05-8632-B40B849E45DE}.Release|ARM.ActiveCfg = Release|Any CPU
		{CC04FC61-59E5-4F05-8632-B40B849E45DE}.Release|x64.ActiveCfg = Release|Any CPU
		{CC04FC61-59E5-4F05-8632-B40B849E45DE}.Release|x86.ActiveCfg = Release|Any CPU
		{1588E18B-18E2-472A-9813-A7EE778E4FD8}.Debug|Any CPU.ActiveCfg = Debug|Any CPU
		{1588E18B-18E2-472A-9813-A7EE778E4FD8}.Debug|Any CPU.Build.0 = Debug|Any CPU
		{1588E18B-18E2-472A-9813-A7EE778E4FD8}.Debug|ARM.ActiveCfg = Debug|Any CPU
		{1588E18B-18E2-472A-9813-A7EE778E4FD8}.Debug|x64.ActiveCfg = Debug|Any CPU
		{1588E18B-18E2-472A-9813-A7EE778E4FD8}.Debug|x86.ActiveCfg = Debug|Any CPU
		{1588E18B-18E2-472A-9813-A7EE778E4FD8}.Release|Any CPU.ActiveCfg = Release|Any CPU
		{1588E18B-18E2-472A-9813-A7EE778E4FD8}.Release|Any CPU.Build.0 = Release|Any CPU
		{1588E18B-18E2-472A-9813-A7EE778E4FD8}.Release|ARM.ActiveCfg = Release|Any CPU
		{1588E18B-18E2-472A-9813-A7EE778E4FD8}.Release|x64.ActiveCfg = Release|Any CPU
		{1588E18B-18E2-472A-9813-A7EE778E4FD8}.Release|x86.ActiveCfg = Release|Any CPU
		{01E46B11-D7B3-4AAC-A15D-32AA1F036E26}.Debug|Any CPU.ActiveCfg = Debug|Any CPU
		{01E46B11-D7B3-4AAC-A15D-32AA1F036E26}.Debug|Any CPU.Build.0 = Debug|Any CPU
		{01E46B11-D7B3-4AAC-A15D-32AA1F036E26}.Debug|ARM.ActiveCfg = Debug|Any CPU
		{01E46B11-D7B3-4AAC-A15D-32AA1F036E26}.Debug|x64.ActiveCfg = Debug|Any CPU
		{01E46B11-D7B3-4AAC-A15D-32AA1F036E26}.Debug|x86.ActiveCfg = Debug|Any CPU
		{01E46B11-D7B3-4AAC-A15D-32AA1F036E26}.Release|Any CPU.ActiveCfg = Release|Any CPU
		{01E46B11-D7B3-4AAC-A15D-32AA1F036E26}.Release|Any CPU.Build.0 = Release|Any CPU
		{01E46B11-D7B3-4AAC-A15D-32AA1F036E26}.Release|ARM.ActiveCfg = Release|Any CPU
		{01E46B11-D7B3-4AAC-A15D-32AA1F036E26}.Release|x64.ActiveCfg = Release|Any CPU
		{01E46B11-D7B3-4AAC-A15D-32AA1F036E26}.Release|x86.ActiveCfg = Release|Any CPU
		{B8D929B6-75C1-453A-98CE-4D56D9374480}.Debug|Any CPU.ActiveCfg = Debug|Any CPU
		{B8D929B6-75C1-453A-98CE-4D56D9374480}.Debug|Any CPU.Build.0 = Debug|Any CPU
		{B8D929B6-75C1-453A-98CE-4D56D9374480}.Debug|ARM.ActiveCfg = Debug|Any CPU
		{B8D929B6-75C1-453A-98CE-4D56D9374480}.Debug|x64.ActiveCfg = Debug|Any CPU
		{B8D929B6-75C1-453A-98CE-4D56D9374480}.Debug|x86.ActiveCfg = Debug|Any CPU
		{B8D929B6-75C1-453A-98CE-4D56D9374480}.Release|Any CPU.ActiveCfg = Release|Any CPU
		{B8D929B6-75C1-453A-98CE-4D56D9374480}.Release|Any CPU.Build.0 = Release|Any CPU
		{B8D929B6-75C1-453A-98CE-4D56D9374480}.Release|ARM.ActiveCfg = Release|Any CPU
		{B8D929B6-75C1-453A-98CE-4D56D9374480}.Release|x64.ActiveCfg = Release|Any CPU
		{B8D929B6-75C1-453A-98CE-4D56D9374480}.Release|x86.ActiveCfg = Release|Any CPU
		{A7293283-4C33-4E40-9CC7-DC54080CB119}.Debug|Any CPU.ActiveCfg = Debug|Any CPU
		{A7293283-4C33-4E40-9CC7-DC54080CB119}.Debug|Any CPU.Build.0 = Debug|Any CPU
		{A7293283-4C33-4E40-9CC7-DC54080CB119}.Debug|ARM.ActiveCfg = Debug|Any CPU
		{A7293283-4C33-4E40-9CC7-DC54080CB119}.Debug|x64.ActiveCfg = Debug|Any CPU
		{A7293283-4C33-4E40-9CC7-DC54080CB119}.Debug|x86.ActiveCfg = Debug|Any CPU
		{A7293283-4C33-4E40-9CC7-DC54080CB119}.Release|Any CPU.ActiveCfg = Release|Any CPU
		{A7293283-4C33-4E40-9CC7-DC54080CB119}.Release|Any CPU.Build.0 = Release|Any CPU
		{A7293283-4C33-4E40-9CC7-DC54080CB119}.Release|ARM.ActiveCfg = Release|Any CPU
		{A7293283-4C33-4E40-9CC7-DC54080CB119}.Release|x64.ActiveCfg = Release|Any CPU
		{A7293283-4C33-4E40-9CC7-DC54080CB119}.Release|x86.ActiveCfg = Release|Any CPU
		{99EF8F37-6EB7-4AA7-A15C-10EA7E6886C2}.Debug|Any CPU.ActiveCfg = Debug|Any CPU
		{99EF8F37-6EB7-4AA7-A15C-10EA7E6886C2}.Debug|Any CPU.Build.0 = Debug|Any CPU
		{99EF8F37-6EB7-4AA7-A15C-10EA7E6886C2}.Debug|ARM.ActiveCfg = Debug|Any CPU
		{99EF8F37-6EB7-4AA7-A15C-10EA7E6886C2}.Debug|x64.ActiveCfg = Debug|Any CPU
		{99EF8F37-6EB7-4AA7-A15C-10EA7E6886C2}.Debug|x86.ActiveCfg = Debug|Any CPU
		{99EF8F37-6EB7-4AA7-A15C-10EA7E6886C2}.Release|Any CPU.ActiveCfg = Release|Any CPU
		{99EF8F37-6EB7-4AA7-A15C-10EA7E6886C2}.Release|Any CPU.Build.0 = Release|Any CPU
		{99EF8F37-6EB7-4AA7-A15C-10EA7E6886C2}.Release|ARM.ActiveCfg = Release|Any CPU
		{99EF8F37-6EB7-4AA7-A15C-10EA7E6886C2}.Release|x64.ActiveCfg = Release|Any CPU
		{99EF8F37-6EB7-4AA7-A15C-10EA7E6886C2}.Release|x86.ActiveCfg = Release|Any CPU
		{DEFF692A-BE2E-407C-93BA-FE52672D0CBB}.Debug|Any CPU.ActiveCfg = Debug|Any CPU
		{DEFF692A-BE2E-407C-93BA-FE52672D0CBB}.Debug|Any CPU.Build.0 = Debug|Any CPU
		{DEFF692A-BE2E-407C-93BA-FE52672D0CBB}.Debug|ARM.ActiveCfg = Debug|Any CPU
		{DEFF692A-BE2E-407C-93BA-FE52672D0CBB}.Debug|x64.ActiveCfg = Debug|Any CPU
		{DEFF692A-BE2E-407C-93BA-FE52672D0CBB}.Debug|x86.ActiveCfg = Debug|Any CPU
		{DEFF692A-BE2E-407C-93BA-FE52672D0CBB}.Release|Any CPU.ActiveCfg = Release|Any CPU
		{DEFF692A-BE2E-407C-93BA-FE52672D0CBB}.Release|Any CPU.Build.0 = Release|Any CPU
		{DEFF692A-BE2E-407C-93BA-FE52672D0CBB}.Release|ARM.ActiveCfg = Release|Any CPU
		{DEFF692A-BE2E-407C-93BA-FE52672D0CBB}.Release|x64.ActiveCfg = Release|Any CPU
		{DEFF692A-BE2E-407C-93BA-FE52672D0CBB}.Release|x86.ActiveCfg = Release|Any CPU
		{613719DA-AC7B-4CE9-AC81-ADAC5BD2F11B}.Debug|Any CPU.ActiveCfg = Debug|Any CPU
		{613719DA-AC7B-4CE9-AC81-ADAC5BD2F11B}.Debug|Any CPU.Build.0 = Debug|Any CPU
		{613719DA-AC7B-4CE9-AC81-ADAC5BD2F11B}.Debug|ARM.ActiveCfg = Debug|Any CPU
		{613719DA-AC7B-4CE9-AC81-ADAC5BD2F11B}.Debug|x64.ActiveCfg = Debug|Any CPU
		{613719DA-AC7B-4CE9-AC81-ADAC5BD2F11B}.Debug|x86.ActiveCfg = Debug|Any CPU
		{613719DA-AC7B-4CE9-AC81-ADAC5BD2F11B}.Release|Any CPU.ActiveCfg = Release|Any CPU
		{613719DA-AC7B-4CE9-AC81-ADAC5BD2F11B}.Release|Any CPU.Build.0 = Release|Any CPU
		{613719DA-AC7B-4CE9-AC81-ADAC5BD2F11B}.Release|ARM.ActiveCfg = Release|Any CPU
		{613719DA-AC7B-4CE9-AC81-ADAC5BD2F11B}.Release|x64.ActiveCfg = Release|Any CPU
		{613719DA-AC7B-4CE9-AC81-ADAC5BD2F11B}.Release|x86.ActiveCfg = Release|Any CPU
		{1DAFA433-DBFF-48CB-842A-E3141088632E}.Debug|Any CPU.ActiveCfg = Debug|Any CPU
		{1DAFA433-DBFF-48CB-842A-E3141088632E}.Debug|Any CPU.Build.0 = Debug|Any CPU
		{1DAFA433-DBFF-48CB-842A-E3141088632E}.Debug|ARM.ActiveCfg = Debug|Any CPU
		{1DAFA433-DBFF-48CB-842A-E3141088632E}.Debug|x64.ActiveCfg = Debug|Any CPU
		{1DAFA433-DBFF-48CB-842A-E3141088632E}.Debug|x86.ActiveCfg = Debug|Any CPU
		{1DAFA433-DBFF-48CB-842A-E3141088632E}.Release|Any CPU.ActiveCfg = Release|Any CPU
		{1DAFA433-DBFF-48CB-842A-E3141088632E}.Release|Any CPU.Build.0 = Release|Any CPU
		{1DAFA433-DBFF-48CB-842A-E3141088632E}.Release|ARM.ActiveCfg = Release|Any CPU
		{1DAFA433-DBFF-48CB-842A-E3141088632E}.Release|x64.ActiveCfg = Release|Any CPU
		{1DAFA433-DBFF-48CB-842A-E3141088632E}.Release|x86.ActiveCfg = Release|Any CPU
		{D368DAF5-7388-4998-9736-142281C08AB9}.Debug|Any CPU.ActiveCfg = Debug|Any CPU
		{D368DAF5-7388-4998-9736-142281C08AB9}.Debug|Any CPU.Build.0 = Debug|Any CPU
		{D368DAF5-7388-4998-9736-142281C08AB9}.Debug|ARM.ActiveCfg = Debug|Any CPU
		{D368DAF5-7388-4998-9736-142281C08AB9}.Debug|x64.ActiveCfg = Debug|Any CPU
		{D368DAF5-7388-4998-9736-142281C08AB9}.Debug|x86.ActiveCfg = Debug|Any CPU
		{D368DAF5-7388-4998-9736-142281C08AB9}.Release|Any CPU.ActiveCfg = Release|Any CPU
		{D368DAF5-7388-4998-9736-142281C08AB9}.Release|Any CPU.Build.0 = Release|Any CPU
		{D368DAF5-7388-4998-9736-142281C08AB9}.Release|ARM.ActiveCfg = Release|Any CPU
		{D368DAF5-7388-4998-9736-142281C08AB9}.Release|x64.ActiveCfg = Release|Any CPU
		{D368DAF5-7388-4998-9736-142281C08AB9}.Release|x86.ActiveCfg = Release|Any CPU
		{DCE229AB-BEE2-4E68-A8BD-DECE4BD28E01}.Debug|Any CPU.ActiveCfg = Debug|Any CPU
		{DCE229AB-BEE2-4E68-A8BD-DECE4BD28E01}.Debug|Any CPU.Build.0 = Debug|Any CPU
		{DCE229AB-BEE2-4E68-A8BD-DECE4BD28E01}.Debug|ARM.ActiveCfg = Debug|Any CPU
		{DCE229AB-BEE2-4E68-A8BD-DECE4BD28E01}.Debug|x64.ActiveCfg = Debug|Any CPU
		{DCE229AB-BEE2-4E68-A8BD-DECE4BD28E01}.Debug|x86.ActiveCfg = Debug|Any CPU
		{DCE229AB-BEE2-4E68-A8BD-DECE4BD28E01}.Release|Any CPU.ActiveCfg = Release|Any CPU
		{DCE229AB-BEE2-4E68-A8BD-DECE4BD28E01}.Release|Any CPU.Build.0 = Release|Any CPU
		{DCE229AB-BEE2-4E68-A8BD-DECE4BD28E01}.Release|ARM.ActiveCfg = Release|Any CPU
		{DCE229AB-BEE2-4E68-A8BD-DECE4BD28E01}.Release|x64.ActiveCfg = Release|Any CPU
		{DCE229AB-BEE2-4E68-A8BD-DECE4BD28E01}.Release|x86.ActiveCfg = Release|Any CPU
	EndGlobalSection
	GlobalSection(SolutionProperties) = preSolution
		HideSolutionNode = FALSE
	EndGlobalSection
	GlobalSection(NestedProjects) = preSolution
		{6F773D52-C48A-42EA-AE33-930E59877D91} = {53527B87-4D0E-4B98-88BD-8C3E9383C208}
		{DC80E1F2-2ED2-4755-BBB8-E4ED37D77454} = {53527B87-4D0E-4B98-88BD-8C3E9383C208}
		{899EF4DA-82E4-43E5-82D3-145AD5670E2E} = {53527B87-4D0E-4B98-88BD-8C3E9383C208}
		{4C1784D5-66B3-4CA5-A010-BA0BF8D3EEAC} = {13073B38-97D2-4032-984B-117750D54E3E}
		{62F33066-9AD1-4D80-B7C4-E7F6FB652AFD} = {4C2AC31A-D33C-46E3-88B2-9398D3B44661}
		{CC04FC61-59E5-4F05-8632-B40B849E45DE} = {F8619AE9-EF39-4A32-A259-08E78E9B30F9}
		{1588E18B-18E2-472A-9813-A7EE778E4FD8} = {F8619AE9-EF39-4A32-A259-08E78E9B30F9}
		{01E46B11-D7B3-4AAC-A15D-32AA1F036E26} = {F8619AE9-EF39-4A32-A259-08E78E9B30F9}
		{B8D929B6-75C1-453A-98CE-4D56D9374480} = {F8619AE9-EF39-4A32-A259-08E78E9B30F9}
		{A7293283-4C33-4E40-9CC7-DC54080CB119} = {F8619AE9-EF39-4A32-A259-08E78E9B30F9}
		{99EF8F37-6EB7-4AA7-A15C-10EA7E6886C2} = {F8619AE9-EF39-4A32-A259-08E78E9B30F9}
		{DEFF692A-BE2E-407C-93BA-FE52672D0CBB} = {F8619AE9-EF39-4A32-A259-08E78E9B30F9}
		{613719DA-AC7B-4CE9-AC81-ADAC5BD2F11B} = {4C2AC31A-D33C-46E3-88B2-9398D3B44661}
		{1DAFA433-DBFF-48CB-842A-E3141088632E} = {4C2AC31A-D33C-46E3-88B2-9398D3B44661}
		{D368DAF5-7388-4998-9736-142281C08AB9} = {4C2AC31A-D33C-46E3-88B2-9398D3B44661}
		{DCE229AB-BEE2-4E68-A8BD-DECE4BD28E01} = {4C2AC31A-D33C-46E3-88B2-9398D3B44661}
	EndGlobalSection
EndGlobal
