
Microsoft Visual Studio Solution File, Format Version 12.00
# Visual Studio 14
VisualStudioVersion = 14.0.23107.0
MinimumVisualStudioVersion = 10.0.40219.1
Project("{FAE04EC0-301F-11D3-BF4B-00C04F79EFBC}") = "Feedsea", "Feedsea\Feedsea.csproj", "{4E36EBB8-0964-4B13-A940-6C245F5DAAD4}"
EndProject
Project("{2150E333-8FDC-42A3-9474-1A3956D46DE8}") = "ApiClients", "ApiClients", "{541D2DDC-37C6-491E-AA9A-5AD7106ADB40}"
EndProject
Project("{2150E333-8FDC-42A3-9474-1A3956D46DE8}") = "Providers", "Providers", "{4012FBCD-6BFC-49E0-B21C-18F4AB71868B}"
EndProject
Project("{FAE04EC0-301F-11D3-BF4B-00C04F79EFBC}") = "Feedsea.Common.Api.Instapaper", "Feedsea.Common.Api.Instapaper\Feedsea.Common.Api.Instapaper.csproj", "{1DAFA433-DBFF-48CB-842A-E3141088632E}"
EndProject
Project("{FAE04EC0-301F-11D3-BF4B-00C04F79EFBC}") = "Feedsea.Common.Api.Pocket", "Feedsea.Common.Api.Pocket\Feedsea.Common.Api.Pocket.csproj", "{DCE229AB-BEE2-4E68-A8BD-DECE4BD28E01}"
EndProject
Project("{FAE04EC0-301F-11D3-BF4B-00C04F79EFBC}") = "Feedsea.Common.Providers", "Feedsea.Common.Providers\Feedsea.Common.Providers.csproj", "{CC04FC61-59E5-4F05-8632-B40B849E45DE}"
EndProject
Project("{FAE04EC0-301F-11D3-BF4B-00C04F79EFBC}") = "Feedsea.Common.Providers.MobilizerProvider", "Feedsea.Common.Providers.MobilizerProvider\Feedsea.Common.Providers.MobilizerProvider.csproj", "{A7293283-4C33-4E40-9CC7-DC54080CB119}"
EndProject
Project("{FAE04EC0-301F-11D3-BF4B-00C04F79EFBC}") = "Feedsea.Common.Api.BingWallpaper", "Feedsea.Common.Api.BingWallpaper\Feedsea.Common.Api.BingWallpaper.csproj", "{4A164A03-842F-4992-BEB9-04C557691BD6}"
EndProject
Project("{FAE04EC0-301F-11D3-BF4B-00C04F79EFBC}") = "Feedsea.Common.Providers.Feedly", "Feedsea.Common.Providers.Feedly\Feedsea.Common.Providers.Feedly.csproj", "{3F424CCA-AE24-49CF-84F2-AF11F627D5B3}"
EndProject
Project("{FAE04EC0-301F-11D3-BF4B-00C04F79EFBC}") = "Feedsea.Common.Api.Feedly", "Feedsea.Common.Api.Feedly\Feedsea.Common.Api.Feedly.csproj", "{3F26A450-1695-4B42-874D-D82C9A0233A1}"
EndProject
Global
	GlobalSection(SolutionConfigurationPlatforms) = preSolution
		Debug|Any CPU = Debug|Any CPU
		Debug|ARM = Debug|ARM
		Debug|x64 = Debug|x64
		Debug|x86 = Debug|x86
		Release|Any CPU = Release|Any CPU
		Release|ARM = Release|ARM
		Release|x64 = Release|x64
		Release|x86 = Release|x86
	EndGlobalSection
	GlobalSection(ProjectConfigurationPlatforms) = postSolution
		{4E36EBB8-0964-4B13-A940-6C245F5DAAD4}.Debug|Any CPU.ActiveCfg = Debug|x86
		{4E36EBB8-0964-4B13-A940-6C245F5DAAD4}.Debug|Any CPU.Build.0 = Debug|x86
		{4E36EBB8-0964-4B13-A940-6C245F5DAAD4}.Debug|Any CPU.Deploy.0 = Debug|x86
		{4E36EBB8-0964-4B13-A940-6C245F5DAAD4}.Debug|ARM.ActiveCfg = Debug|ARM
		{4E36EBB8-0964-4B13-A940-6C245F5DAAD4}.Debug|ARM.Build.0 = Debug|ARM
		{4E36EBB8-0964-4B13-A940-6C245F5DAAD4}.Debug|ARM.Deploy.0 = Debug|ARM
		{4E36EBB8-0964-4B13-A940-6C245F5DAAD4}.Debug|x64.ActiveCfg = Debug|x64
		{4E36EBB8-0964-4B13-A940-6C245F5DAAD4}.Debug|x64.Build.0 = Debug|x64
		{4E36EBB8-0964-4B13-A940-6C245F5DAAD4}.Debug|x64.Deploy.0 = Debug|x64
		{4E36EBB8-0964-4B13-A940-6C245F5DAAD4}.Debug|x86.ActiveCfg = Debug|x86
		{4E36EBB8-0964-4B13-A940-6C245F5DAAD4}.Debug|x86.Build.0 = Debug|x86
		{4E36EBB8-0964-4B13-A940-6C245F5DAAD4}.Debug|x86.Deploy.0 = Debug|x86
		{4E36EBB8-0964-4B13-A940-6C245F5DAAD4}.Release|Any CPU.ActiveCfg = Release|x86
		{4E36EBB8-0964-4B13-A940-6C245F5DAAD4}.Release|ARM.ActiveCfg = Release|ARM
		{4E36EBB8-0964-4B13-A940-6C245F5DAAD4}.Release|ARM.Build.0 = Release|ARM
		{4E36EBB8-0964-4B13-A940-6C245F5DAAD4}.Release|ARM.Deploy.0 = Release|ARM
		{4E36EBB8-0964-4B13-A940-6C245F5DAAD4}.Release|x64.ActiveCfg = Release|x64
		{4E36EBB8-0964-4B13-A940-6C245F5DAAD4}.Release|x64.Build.0 = Release|x64
		{4E36EBB8-0964-4B13-A940-6C245F5DAAD4}.Release|x64.Deploy.0 = Release|x64
		{4E36EBB8-0964-4B13-A940-6C245F5DAAD4}.Release|x86.ActiveCfg = Release|x86
		{4E36EBB8-0964-4B13-A940-6C245F5DAAD4}.Release|x86.Build.0 = Release|x86
		{4E36EBB8-0964-4B13-A940-6C245F5DAAD4}.Release|x86.Deploy.0 = Release|x86
		{1DAFA433-DBFF-48CB-842A-E3141088632E}.Debug|Any CPU.ActiveCfg = Debug|Any CPU
		{1DAFA433-DBFF-48CB-842A-E3141088632E}.Debug|Any CPU.Build.0 = Debug|Any CPU
		{1DAFA433-DBFF-48CB-842A-E3141088632E}.Debug|ARM.ActiveCfg = Debug|Any CPU
		{1DAFA433-DBFF-48CB-842A-E3141088632E}.Debug|ARM.Build.0 = Debug|Any CPU
		{1DAFA433-DBFF-48CB-842A-E3141088632E}.Debug|x64.ActiveCfg = Debug|Any CPU
		{1DAFA433-DBFF-48CB-842A-E3141088632E}.Debug|x64.Build.0 = Debug|Any CPU
		{1DAFA433-DBFF-48CB-842A-E3141088632E}.Debug|x86.ActiveCfg = Debug|Any CPU
		{1DAFA433-DBFF-48CB-842A-E3141088632E}.Debug|x86.Build.0 = Debug|Any CPU
		{1DAFA433-DBFF-48CB-842A-E3141088632E}.Release|Any CPU.ActiveCfg = Release|Any CPU
		{1DAFA433-DBFF-48CB-842A-E3141088632E}.Release|Any CPU.Build.0 = Release|Any CPU
		{1DAFA433-DBFF-48CB-842A-E3141088632E}.Release|ARM.ActiveCfg = Release|Any CPU
		{1DAFA433-DBFF-48CB-842A-E3141088632E}.Release|ARM.Build.0 = Release|Any CPU
		{1DAFA433-DBFF-48CB-842A-E3141088632E}.Release|x64.ActiveCfg = Release|Any CPU
		{1DAFA433-DBFF-48CB-842A-E3141088632E}.Release|x64.Build.0 = Release|Any CPU
		{1DAFA433-DBFF-48CB-842A-E3141088632E}.Release|x86.ActiveCfg = Release|Any CPU
		{1DAFA433-DBFF-48CB-842A-E3141088632E}.Release|x86.Build.0 = Release|Any CPU
		{DCE229AB-BEE2-4E68-A8BD-DECE4BD28E01}.Debug|Any CPU.ActiveCfg = Debug|Any CPU
		{DCE229AB-BEE2-4E68-A8BD-DECE4BD28E01}.Debug|Any CPU.Build.0 = Debug|Any CPU
		{DCE229AB-BEE2-4E68-A8BD-DECE4BD28E01}.Debug|ARM.ActiveCfg = Debug|Any CPU
		{DCE229AB-BEE2-4E68-A8BD-DECE4BD28E01}.Debug|ARM.Build.0 = Debug|Any CPU
		{DCE229AB-BEE2-4E68-A8BD-DECE4BD28E01}.Debug|x64.ActiveCfg = Debug|Any CPU
		{DCE229AB-BEE2-4E68-A8BD-DECE4BD28E01}.Debug|x64.Build.0 = Debug|Any CPU
		{DCE229AB-BEE2-4E68-A8BD-DECE4BD28E01}.Debug|x86.ActiveCfg = Debug|Any CPU
		{DCE229AB-BEE2-4E68-A8BD-DECE4BD28E01}.Debug|x86.Build.0 = Debug|Any CPU
		{DCE229AB-BEE2-4E68-A8BD-DECE4BD28E01}.Release|Any CPU.ActiveCfg = Release|Any CPU
		{DCE229AB-BEE2-4E68-A8BD-DECE4BD28E01}.Release|Any CPU.Build.0 = Release|Any CPU
		{DCE229AB-BEE2-4E68-A8BD-DECE4BD28E01}.Release|ARM.ActiveCfg = Release|Any CPU
		{DCE229AB-BEE2-4E68-A8BD-DECE4BD28E01}.Release|ARM.Build.0 = Release|Any CPU
		{DCE229AB-BEE2-4E68-A8BD-DECE4BD28E01}.Release|x64.ActiveCfg = Release|Any CPU
		{DCE229AB-BEE2-4E68-A8BD-DECE4BD28E01}.Release|x64.Build.0 = Release|Any CPU
		{DCE229AB-BEE2-4E68-A8BD-DECE4BD28E01}.Release|x86.ActiveCfg = Release|Any CPU
		{DCE229AB-BEE2-4E68-A8BD-DECE4BD28E01}.Release|x86.Build.0 = Release|Any CPU
		{CC04FC61-59E5-4F05-8632-B40B849E45DE}.Debug|Any CPU.ActiveCfg = Debug|Any CPU
		{CC04FC61-59E5-4F05-8632-B40B849E45DE}.Debug|Any CPU.Build.0 = Debug|Any CPU
		{CC04FC61-59E5-4F05-8632-B40B849E45DE}.Debug|ARM.ActiveCfg = Debug|Any CPU
		{CC04FC61-59E5-4F05-8632-B40B849E45DE}.Debug|ARM.Build.0 = Debug|Any CPU
		{CC04FC61-59E5-4F05-8632-B40B849E45DE}.Debug|x64.ActiveCfg = Debug|Any CPU
		{CC04FC61-59E5-4F05-8632-B40B849E45DE}.Debug|x64.Build.0 = Debug|Any CPU
		{CC04FC61-59E5-4F05-8632-B40B849E45DE}.Debug|x86.ActiveCfg = Debug|Any CPU
		{CC04FC61-59E5-4F05-8632-B40B849E45DE}.Debug|x86.Build.0 = Debug|Any CPU
		{CC04FC61-59E5-4F05-8632-B40B849E45DE}.Release|Any CPU.ActiveCfg = Release|Any CPU
		{CC04FC61-59E5-4F05-8632-B40B849E45DE}.Release|Any CPU.Build.0 = Release|Any CPU
		{CC04FC61-59E5-4F05-8632-B40B849E45DE}.Release|ARM.ActiveCfg = Release|Any CPU
		{CC04FC61-59E5-4F05-8632-B40B849E45DE}.Release|ARM.Build.0 = Release|Any CPU
		{CC04FC61-59E5-4F05-8632-B40B849E45DE}.Release|x64.ActiveCfg = Release|Any CPU
		{CC04FC61-59E5-4F05-8632-B40B849E45DE}.Release|x64.Build.0 = Release|Any CPU
		{CC04FC61-59E5-4F05-8632-B40B849E45DE}.Release|x86.ActiveCfg = Release|Any CPU
		{CC04FC61-59E5-4F05-8632-B40B849E45DE}.Release|x86.Build.0 = Release|Any CPU
		{A7293283-4C33-4E40-9CC7-DC54080CB119}.Debug|Any CPU.ActiveCfg = Debug|Any CPU
		{A7293283-4C33-4E40-9CC7-DC54080CB119}.Debug|Any CPU.Build.0 = Debug|Any CPU
		{A7293283-4C33-4E40-9CC7-DC54080CB119}.Debug|ARM.ActiveCfg = Debug|Any CPU
		{A7293283-4C33-4E40-9CC7-DC54080CB119}.Debug|ARM.Build.0 = Debug|Any CPU
		{A7293283-4C33-4E40-9CC7-DC54080CB119}.Debug|x64.ActiveCfg = Debug|Any CPU
		{A7293283-4C33-4E40-9CC7-DC54080CB119}.Debug|x64.Build.0 = Debug|Any CPU
		{A7293283-4C33-4E40-9CC7-DC54080CB119}.Debug|x86.ActiveCfg = Debug|Any CPU
		{A7293283-4C33-4E40-9CC7-DC54080CB119}.Debug|x86.Build.0 = Debug|Any CPU
		{A7293283-4C33-4E40-9CC7-DC54080CB119}.Release|Any CPU.ActiveCfg = Release|Any CPU
		{A7293283-4C33-4E40-9CC7-DC54080CB119}.Release|Any CPU.Build.0 = Release|Any CPU
		{A7293283-4C33-4E40-9CC7-DC54080CB119}.Release|ARM.ActiveCfg = Release|Any CPU
		{A7293283-4C33-4E40-9CC7-DC54080CB119}.Release|ARM.Build.0 = Release|Any CPU
		{A7293283-4C33-4E40-9CC7-DC54080CB119}.Release|x64.ActiveCfg = Release|Any CPU
		{A7293283-4C33-4E40-9CC7-DC54080CB119}.Release|x64.Build.0 = Release|Any CPU
		{A7293283-4C33-4E40-9CC7-DC54080CB119}.Release|x86.ActiveCfg = Release|Any CPU
		{A7293283-4C33-4E40-9CC7-DC54080CB119}.Release|x86.Build.0 = Release|Any CPU
		{4A164A03-842F-4992-BEB9-04C557691BD6}.Debug|Any CPU.ActiveCfg = Debug|Any CPU
		{4A164A03-842F-4992-BEB9-04C557691BD6}.Debug|Any CPU.Build.0 = Debug|Any CPU
		{4A164A03-842F-4992-BEB9-04C557691BD6}.Debug|ARM.ActiveCfg = Debug|ARM
		{4A164A03-842F-4992-BEB9-04C557691BD6}.Debug|ARM.Build.0 = Debug|ARM
		{4A164A03-842F-4992-BEB9-04C557691BD6}.Debug|x64.ActiveCfg = Debug|x64
		{4A164A03-842F-4992-BEB9-04C557691BD6}.Debug|x64.Build.0 = Debug|x64
		{4A164A03-842F-4992-BEB9-04C557691BD6}.Debug|x86.ActiveCfg = Debug|x86
		{4A164A03-842F-4992-BEB9-04C557691BD6}.Debug|x86.Build.0 = Debug|x86
		{4A164A03-842F-4992-BEB9-04C557691BD6}.Release|Any CPU.ActiveCfg = Release|Any CPU
		{4A164A03-842F-4992-BEB9-04C557691BD6}.Release|Any CPU.Build.0 = Release|Any CPU
		{4A164A03-842F-4992-BEB9-04C557691BD6}.Release|ARM.ActiveCfg = Release|ARM
		{4A164A03-842F-4992-BEB9-04C557691BD6}.Release|ARM.Build.0 = Release|ARM
		{4A164A03-842F-4992-BEB9-04C557691BD6}.Release|x64.ActiveCfg = Release|x64
		{4A164A03-842F-4992-BEB9-04C557691BD6}.Release|x64.Build.0 = Release|x64
		{4A164A03-842F-4992-BEB9-04C557691BD6}.Release|x86.ActiveCfg = Release|x86
		{4A164A03-842F-4992-BEB9-04C557691BD6}.Release|x86.Build.0 = Release|x86
		{3F424CCA-AE24-49CF-84F2-AF11F627D5B3}.Debug|Any CPU.ActiveCfg = Debug|Any CPU
		{3F424CCA-AE24-49CF-84F2-AF11F627D5B3}.Debug|Any CPU.Build.0 = Debug|Any CPU
		{3F424CCA-AE24-49CF-84F2-AF11F627D5B3}.Debug|ARM.ActiveCfg = Debug|Any CPU
		{3F424CCA-AE24-49CF-84F2-AF11F627D5B3}.Debug|ARM.Build.0 = Debug|Any CPU
		{3F424CCA-AE24-49CF-84F2-AF11F627D5B3}.Debug|x64.ActiveCfg = Debug|Any CPU
		{3F424CCA-AE24-49CF-84F2-AF11F627D5B3}.Debug|x64.Build.0 = Debug|Any CPU
		{3F424CCA-AE24-49CF-84F2-AF11F627D5B3}.Debug|x86.ActiveCfg = Debug|Any CPU
		{3F424CCA-AE24-49CF-84F2-AF11F627D5B3}.Debug|x86.Build.0 = Debug|Any CPU
		{3F424CCA-AE24-49CF-84F2-AF11F627D5B3}.Release|Any CPU.ActiveCfg = Release|Any CPU
		{3F424CCA-AE24-49CF-84F2-AF11F627D5B3}.Release|Any CPU.Build.0 = Release|Any CPU
		{3F424CCA-AE24-49CF-84F2-AF11F627D5B3}.Release|ARM.ActiveCfg = Release|Any CPU
		{3F424CCA-AE24-49CF-84F2-AF11F627D5B3}.Release|ARM.Build.0 = Release|Any CPU
		{3F424CCA-AE24-49CF-84F2-AF11F627D5B3}.Release|x64.ActiveCfg = Release|Any CPU
		{3F424CCA-AE24-49CF-84F2-AF11F627D5B3}.Release|x64.Build.0 = Release|Any CPU
		{3F424CCA-AE24-49CF-84F2-AF11F627D5B3}.Release|x86.ActiveCfg = Release|Any CPU
		{3F424CCA-AE24-49CF-84F2-AF11F627D5B3}.Release|x86.Build.0 = Release|Any CPU
		{3F26A450-1695-4B42-874D-D82C9A0233A1}.Debug|Any CPU.ActiveCfg = Debug|Any CPU
		{3F26A450-1695-4B42-874D-D82C9A0233A1}.Debug|Any CPU.Build.0 = Debug|Any CPU
		{3F26A450-1695-4B42-874D-D82C9A0233A1}.Debug|ARM.ActiveCfg = Debug|Any CPU
		{3F26A450-1695-4B42-874D-D82C9A0233A1}.Debug|ARM.Build.0 = Debug|Any CPU
		{3F26A450-1695-4B42-874D-D82C9A0233A1}.Debug|x64.ActiveCfg = Debug|Any CPU
		{3F26A450-1695-4B42-874D-D82C9A0233A1}.Debug|x64.Build.0 = Debug|Any CPU
		{3F26A450-1695-4B42-874D-D82C9A0233A1}.Debug|x86.ActiveCfg = Debug|Any CPU
		{3F26A450-1695-4B42-874D-D82C9A0233A1}.Debug|x86.Build.0 = Debug|Any CPU
		{3F26A450-1695-4B42-874D-D82C9A0233A1}.Release|Any CPU.ActiveCfg = Release|Any CPU
		{3F26A450-1695-4B42-874D-D82C9A0233A1}.Release|Any CPU.Build.0 = Release|Any CPU
		{3F26A450-1695-4B42-874D-D82C9A0233A1}.Release|ARM.ActiveCfg = Release|Any CPU
		{3F26A450-1695-4B42-874D-D82C9A0233A1}.Release|ARM.Build.0 = Release|Any CPU
		{3F26A450-1695-4B42-874D-D82C9A0233A1}.Release|x64.ActiveCfg = Release|Any CPU
		{3F26A450-1695-4B42-874D-D82C9A0233A1}.Release|x64.Build.0 = Release|Any CPU
		{3F26A450-1695-4B42-874D-D82C9A0233A1}.Release|x86.ActiveCfg = Release|Any CPU
		{3F26A450-1695-4B42-874D-D82C9A0233A1}.Release|x86.Build.0 = Release|Any CPU
	EndGlobalSection
	GlobalSection(SolutionProperties) = preSolution
		HideSolutionNode = FALSE
	EndGlobalSection
	GlobalSection(NestedProjects) = preSolution
		{1DAFA433-DBFF-48CB-842A-E3141088632E} = {541D2DDC-37C6-491E-AA9A-5AD7106ADB40}
		{DCE229AB-BEE2-4E68-A8BD-DECE4BD28E01} = {541D2DDC-37C6-491E-AA9A-5AD7106ADB40}
		{CC04FC61-59E5-4F05-8632-B40B849E45DE} = {4012FBCD-6BFC-49E0-B21C-18F4AB71868B}
		{A7293283-4C33-4E40-9CC7-DC54080CB119} = {4012FBCD-6BFC-49E0-B21C-18F4AB71868B}
		{4A164A03-842F-4992-BEB9-04C557691BD6} = {541D2DDC-37C6-491E-AA9A-5AD7106ADB40}
		{3F424CCA-AE24-49CF-84F2-AF11F627D5B3} = {4012FBCD-6BFC-49E0-B21C-18F4AB71868B}
		{3F26A450-1695-4B42-874D-D82C9A0233A1} = {541D2DDC-37C6-491E-AA9A-5AD7106ADB40}
	EndGlobalSection
EndGlobal
